// !$*UTF8*$!
{
	archiveVersion = 1;
	classes = {
	};
	objectVersion = 56;
	objects = {

/* Begin PBXBuildFile section */
		4A042E792BF7573200245B7D /* XCTestCase+MemoryLeakTracking.swift in Sources */ = {isa = PBXBuildFile; fileRef = 4AC15C2B2BF6A72D00DB5049 /* XCTestCase+MemoryLeakTracking.swift */; };
		4A136B112CAB50FF00A85DA2 /* FeedPresenter.swift in Sources */ = {isa = PBXBuildFile; fileRef = 4A136B102CAB50F700A85DA2 /* FeedPresenter.swift */; };
		4A136B152CADE0DD00A85DA2 /* Feed.storyboard in Resources */ = {isa = PBXBuildFile; fileRef = 4A136B142CADE0DD00A85DA2 /* Feed.storyboard */; };
		4A136B172CADE14F00A85DA2 /* Feed.xcassets in Resources */ = {isa = PBXBuildFile; fileRef = 4A136B162CADE14F00A85DA2 /* Feed.xcassets */; };
		4A136B192CADEC2700A85DA2 /* FeedImagePresenter.swift in Sources */ = {isa = PBXBuildFile; fileRef = 4A136B182CADEC1A00A85DA2 /* FeedImagePresenter.swift */; };
		4A136B1B2CADF29500A85DA2 /* FeedViewModel.swift in Sources */ = {isa = PBXBuildFile; fileRef = 4A136B1A2CADF29300A85DA2 /* FeedViewModel.swift */; };
		4A136B1D2CADF2BE00A85DA2 /* FeedLoadingViewModel.swift in Sources */ = {isa = PBXBuildFile; fileRef = 4A136B1C2CADF2BD00A85DA2 /* FeedLoadingViewModel.swift */; };
		4A136B1F2CADF7F100A85DA2 /* UITableView+Dequeueing.swift in Sources */ = {isa = PBXBuildFile; fileRef = 4A136B1E2CADF7E300A85DA2 /* UITableView+Dequeueing.swift */; };
		4A136B212CADFB0000A85DA2 /* UIImageView+Animations.swift in Sources */ = {isa = PBXBuildFile; fileRef = 4A136B202CADFAF700A85DA2 /* UIImageView+Animations.swift */; };
		4A136B232CB486AD00A85DA2 /* Feed.xcstrings in Resources */ = {isa = PBXBuildFile; fileRef = 4A136B222CB486AD00A85DA2 /* Feed.xcstrings */; };
		4A136B252CB4893100A85DA2 /* FeedViewControllerTests+Localization.swift in Sources */ = {isa = PBXBuildFile; fileRef = 4A136B242CB4892300A85DA2 /* FeedViewControllerTests+Localization.swift */; };
		4A136B2A2CB48C1800A85DA2 /* FeedLocalizationTests.swift in Sources */ = {isa = PBXBuildFile; fileRef = 4A136B292CB48C0F00A85DA2 /* FeedLocalizationTests.swift */; };
		4A14BC682BF3FD4500306C29 /* HTTPClient.swift in Sources */ = {isa = PBXBuildFile; fileRef = 4A14BC672BF3FD4500306C29 /* HTTPClient.swift */; };
		4A14BC6A2BF3FDDD00306C29 /* FeedItemsMapper.swift in Sources */ = {isa = PBXBuildFile; fileRef = 4A14BC692BF3FDDD00306C29 /* FeedItemsMapper.swift */; };
		4A2CF49F2C6EA19E005E3C87 /* XCTestCase+FailableInsertFeedStoreSpecs.swift in Sources */ = {isa = PBXBuildFile; fileRef = 4A2CF49E2C6EA19E005E3C87 /* XCTestCase+FailableInsertFeedStoreSpecs.swift */; };
		4A2CF4A12C6EA36C005E3C87 /* XCTestCase+FailableDeleteFeedStoreSpecs.swift in Sources */ = {isa = PBXBuildFile; fileRef = 4A2CF4A02C6EA36C005E3C87 /* XCTestCase+FailableDeleteFeedStoreSpecs.swift */; };
		4A2CF4A42C6EA735005E3C87 /* CoreDataFeedStoreTests.swift in Sources */ = {isa = PBXBuildFile; fileRef = 4A2CF4A32C6EA735005E3C87 /* CoreDataFeedStoreTests.swift */; };
		4A2CF4A62C6EA80E005E3C87 /* CoreDataFeedStore.swift in Sources */ = {isa = PBXBuildFile; fileRef = 4A2CF4A52C6EA80E005E3C87 /* CoreDataFeedStore.swift */; };
		4A2CF4A92C6EA9E9005E3C87 /* FeedStore.xcdatamodeld in Sources */ = {isa = PBXBuildFile; fileRef = 4A2CF4A72C6EA9E9005E3C87 /* FeedStore.xcdatamodeld */; };
		4A3D83E32C9897C300D4C9ED /* FeedUIIntegrationTests.swift in Sources */ = {isa = PBXBuildFile; fileRef = 4A3D83E22C9897C300D4C9ED /* FeedUIIntegrationTests.swift */; };
		4A3D83E52C989AC300D4C9ED /* EssentialFeed.framework in Frameworks */ = {isa = PBXBuildFile; fileRef = 4AE832192BE50D28006E1A37 /* EssentialFeed.framework */; platformFilter = ios; };
		4A3D83E62C989AC300D4C9ED /* EssentialFeed.framework in Embed Frameworks */ = {isa = PBXBuildFile; fileRef = 4AE832192BE50D28006E1A37 /* EssentialFeed.framework */; platformFilter = ios; settings = {ATTRIBUTES = (CodeSignOnCopy, RemoveHeadersOnCopy, ); }; };
		4A3D83EA2C989BF000D4C9ED /* XCTestCase+MemoryLeakTracking.swift in Sources */ = {isa = PBXBuildFile; fileRef = 4AC15C2B2BF6A72D00DB5049 /* XCTestCase+MemoryLeakTracking.swift */; };
		4A44C04D2C2C895A0057EEBF /* CacheFeedUseCaseTests.swift in Sources */ = {isa = PBXBuildFile; fileRef = 4A44C04C2C2C895A0057EEBF /* CacheFeedUseCaseTests.swift */; };
		4A44C0502C3F1F7E0057EEBF /* LocalFeedLoader.swift in Sources */ = {isa = PBXBuildFile; fileRef = 4A44C04F2C3F1F7E0057EEBF /* LocalFeedLoader.swift */; };
		4A44C0522C3F1FEB0057EEBF /* FeedStore.swift in Sources */ = {isa = PBXBuildFile; fileRef = 4A44C0512C3F1FEA0057EEBF /* FeedStore.swift */; };
		4A44C0542C3F295B0057EEBF /* RemoteFeedItem.swift in Sources */ = {isa = PBXBuildFile; fileRef = 4A44C0532C3F295B0057EEBF /* RemoteFeedItem.swift */; };
		4A44C0562C3F29940057EEBF /* LocalFeedImage.swift in Sources */ = {isa = PBXBuildFile; fileRef = 4A44C0552C3F29940057EEBF /* LocalFeedImage.swift */; };
		4A44C0582C4008940057EEBF /* LoadFeedFromCacheUseCaseTests.swift in Sources */ = {isa = PBXBuildFile; fileRef = 4A44C0572C4008940057EEBF /* LoadFeedFromCacheUseCaseTests.swift */; };
		4A44C05B2C4009BF0057EEBF /* FeedStoreSpy.swift in Sources */ = {isa = PBXBuildFile; fileRef = 4A44C05A2C4009BF0057EEBF /* FeedStoreSpy.swift */; };
		4A44C05D2C4029400057EEBF /* ValidateFeedCacheUseCaseTests.swift in Sources */ = {isa = PBXBuildFile; fileRef = 4A44C05C2C4029400057EEBF /* ValidateFeedCacheUseCaseTests.swift */; };
		4A44C05F2C402D160057EEBF /* FeedCacheTestHelpers.swift in Sources */ = {isa = PBXBuildFile; fileRef = 4A44C05E2C402D160057EEBF /* FeedCacheTestHelpers.swift */; };
		4A44C0612C402E020057EEBF /* SharedTestHelpers.swift in Sources */ = {isa = PBXBuildFile; fileRef = 4A44C0602C402E020057EEBF /* SharedTestHelpers.swift */; };
		4A66B7002CC6E932008B70AC /* FeedViewController+TestHelpers.swift in Sources */ = {isa = PBXBuildFile; fileRef = 4A66B6FF2CC6E912008B70AC /* FeedViewController+TestHelpers.swift */; };
		4A66B7022CC6E9EA008B70AC /* UIRefreshControler+TestHelpers.swift in Sources */ = {isa = PBXBuildFile; fileRef = 4A66B7012CC6E9EA008B70AC /* UIRefreshControler+TestHelpers.swift */; };
		4A66B7042CC6EA57008B70AC /* UIImage+TestHelpers.swift in Sources */ = {isa = PBXBuildFile; fileRef = 4A66B7032CC6EA57008B70AC /* UIImage+TestHelpers.swift */; };
		4A66B7062CC6EA8E008B70AC /* FeedImageViewCell+TestHelpers.swift in Sources */ = {isa = PBXBuildFile; fileRef = 4A66B7052CC6EA8E008B70AC /* FeedImageViewCell+TestHelpers.swift */; };
		4A66B7082CC6EACA008B70AC /* UIButton+TestHelpers.swift in Sources */ = {isa = PBXBuildFile; fileRef = 4A66B7072CC6EACA008B70AC /* UIButton+TestHelpers.swift */; };
		4A66B70A2CC6EB26008B70AC /* FeedUIIntegrationTests+LoaderSpy.swift in Sources */ = {isa = PBXBuildFile; fileRef = 4A66B7092CC6EB17008B70AC /* FeedUIIntegrationTests+LoaderSpy.swift */; };
		4A66B70C2CC6EB79008B70AC /* FeedUIIntegrationTests+Assertions.swift in Sources */ = {isa = PBXBuildFile; fileRef = 4A66B70B2CC6EB6B008B70AC /* FeedUIIntegrationTests+Assertions.swift */; };
		4A66B70E2CC6F0CB008B70AC /* ErrorView.swift in Sources */ = {isa = PBXBuildFile; fileRef = 4A66B70D2CC6F0CB008B70AC /* ErrorView.swift */; };
		4A68677B2C9DEE1600382A2F /* FeedViewController.swift in Sources */ = {isa = PBXBuildFile; fileRef = 4A68677A2C9DEE1600382A2F /* FeedViewController.swift */; };
		4A68677D2C9E0AB300382A2F /* FeedImageViewCell.swift in Sources */ = {isa = PBXBuildFile; fileRef = 4A68677C2C9E0AB300382A2F /* FeedImageViewCell.swift */; };
		4A68677F2C9E227A00382A2F /* UIView+Shimmering.swift in Sources */ = {isa = PBXBuildFile; fileRef = 4A68677E2C9E227A00382A2F /* UIView+Shimmering.swift */; };
		4A7141C52C427AAA00DA74E6 /* FeedCachePolicy.swift in Sources */ = {isa = PBXBuildFile; fileRef = 4A7141C42C427AAA00DA74E6 /* FeedCachePolicy.swift */; };
		4A79AB832C7FA77A0034E024 /* EssentialFeedCacheIntegrationTests.swift in Sources */ = {isa = PBXBuildFile; fileRef = 4A79AB822C7FA77A0034E024 /* EssentialFeedCacheIntegrationTests.swift */; };
		4A79AB842C7FA77A0034E024 /* EssentialFeed.framework in Frameworks */ = {isa = PBXBuildFile; fileRef = 4AE832192BE50D28006E1A37 /* EssentialFeed.framework */; };
		4A79AB8B2C7FAAD50034E024 /* XCTestCase+MemoryLeakTracking.swift in Sources */ = {isa = PBXBuildFile; fileRef = 4AC15C2B2BF6A72D00DB5049 /* XCTestCase+MemoryLeakTracking.swift */; };
		4A79AB8C2C7FAD4E0034E024 /* FeedCacheTestHelpers.swift in Sources */ = {isa = PBXBuildFile; fileRef = 4A44C05E2C402D160057EEBF /* FeedCacheTestHelpers.swift */; };
		4A79AB8D2C7FAD650034E024 /* SharedTestHelpers.swift in Sources */ = {isa = PBXBuildFile; fileRef = 4A44C0602C402E020057EEBF /* SharedTestHelpers.swift */; };
		4A7F463E2BF5485C00A47294 /* URLSessionHTTPClientTests.swift in Sources */ = {isa = PBXBuildFile; fileRef = 4A7F463D2BF5485C00A47294 /* URLSessionHTTPClientTests.swift */; };
		4AA018B12C6BFD4300362BF5 /* FeedStoreSpecs.swift in Sources */ = {isa = PBXBuildFile; fileRef = 4AA018B02C6BFD4300362BF5 /* FeedStoreSpecs.swift */; };
		4AA018B32C6BFDFC00362BF5 /* XCTestCase+FeedStoreSpecs.swift in Sources */ = {isa = PBXBuildFile; fileRef = 4AA018B22C6BFDFC00362BF5 /* XCTestCase+FeedStoreSpecs.swift */; };
		4AA018B52C6C07E400362BF5 /* XCTestCase+FailableRetrieveFeedStoreSpecs.swift in Sources */ = {isa = PBXBuildFile; fileRef = 4AA018B42C6C07E400362BF5 /* XCTestCase+FailableRetrieveFeedStoreSpecs.swift */; };
		4AA3B6082BEC196F00B68FEB /* RemoteFeedLoader.swift in Sources */ = {isa = PBXBuildFile; fileRef = 4AA3B6072BEC196F00B68FEB /* RemoteFeedLoader.swift */; };
		4AA504FE2C92342B00C80CFF /* EssentialFeediOS.framework in Frameworks */ = {isa = PBXBuildFile; fileRef = 4AA504F62C92342B00C80CFF /* EssentialFeediOS.framework */; };
		4AAD94C02CA4B64C0072C311 /* FeedImageDataLoader.swift in Sources */ = {isa = PBXBuildFile; fileRef = 4AAD94BF2CA4B64C0072C311 /* FeedImageDataLoader.swift */; };
		4AAD94C42CA5A42B0072C311 /* FeedImageCellController.swift in Sources */ = {isa = PBXBuildFile; fileRef = 4AAD94C32CA5A4290072C311 /* FeedImageCellController.swift */; };
		4AAD94C72CA7369D0072C311 /* FeedUIComposer.swift in Sources */ = {isa = PBXBuildFile; fileRef = 4AAD94C62CA736990072C311 /* FeedUIComposer.swift */; };
		4AAD94CC2CAB449C0072C311 /* FeedImageViewModel.swift in Sources */ = {isa = PBXBuildFile; fileRef = 4AAD94CB2CAB449C0072C311 /* FeedImageViewModel.swift */; };
		4AC15C2C2BF6A72D00DB5049 /* XCTestCase+MemoryLeakTracking.swift in Sources */ = {isa = PBXBuildFile; fileRef = 4AC15C2B2BF6A72D00DB5049 /* XCTestCase+MemoryLeakTracking.swift */; };
		4AC15C2E2BF6B77900DB5049 /* URLSessionHTTPClient.swift in Sources */ = {isa = PBXBuildFile; fileRef = 4AC15C2D2BF6B77900DB5049 /* URLSessionHTTPClient.swift */; };
		4AC15C372BF7513600DB5049 /* EssentialFeedAPIEndToEndTests.swift in Sources */ = {isa = PBXBuildFile; fileRef = 4AC15C362BF7513600DB5049 /* EssentialFeedAPIEndToEndTests.swift */; };
		4AC15C382BF7513600DB5049 /* EssentialFeed.framework in Frameworks */ = {isa = PBXBuildFile; fileRef = 4AE832192BE50D28006E1A37 /* EssentialFeed.framework */; };
		4AC495052C7E843E00DCDD05 /* CoreDataHelpers.swift in Sources */ = {isa = PBXBuildFile; fileRef = 4AC495042C7E843E00DCDD05 /* CoreDataHelpers.swift */; };
		4AC495072C7E84F300DCDD05 /* ManagedCache.swift in Sources */ = {isa = PBXBuildFile; fileRef = 4AC495062C7E84F300DCDD05 /* ManagedCache.swift */; };
		4AC495092C7E850400DCDD05 /* ManagedFeedImage.swift in Sources */ = {isa = PBXBuildFile; fileRef = 4AC495082C7E850400DCDD05 /* ManagedFeedImage.swift */; };
		4ADBA0DE2CB55F30008C838C /* MainQueueDispatchDecorator.swift in Sources */ = {isa = PBXBuildFile; fileRef = 4ADBA0DD2CB55F2E008C838C /* MainQueueDispatchDecorator.swift */; };
		4ADBA0E02CB55FCE008C838C /* WeakRefVirtualProxy.swift in Sources */ = {isa = PBXBuildFile; fileRef = 4ADBA0DF2CB55FCC008C838C /* WeakRefVirtualProxy.swift */; };
		4ADBA0E22CB5603D008C838C /* FeedImageDataLoaderPresentationAdapter.swift in Sources */ = {isa = PBXBuildFile; fileRef = 4ADBA0E12CB5603D008C838C /* FeedImageDataLoaderPresentationAdapter.swift */; };
		4ADBA0E42CB5606F008C838C /* FeedLoaderPresentationAdapter.swift in Sources */ = {isa = PBXBuildFile; fileRef = 4ADBA0E32CB5606F008C838C /* FeedLoaderPresentationAdapter.swift */; };
		4ADBA0E62CB560C0008C838C /* FeedViewAdapter.swift in Sources */ = {isa = PBXBuildFile; fileRef = 4ADBA0E52CB560C0008C838C /* FeedViewAdapter.swift */; };
		4AE8321E2BE50D28006E1A37 /* EssentialFeed.docc in Sources */ = {isa = PBXBuildFile; fileRef = 4AE8321D2BE50D28006E1A37 /* EssentialFeed.docc */; };
		4AE832242BE50D28006E1A37 /* EssentialFeed.framework in Frameworks */ = {isa = PBXBuildFile; fileRef = 4AE832192BE50D28006E1A37 /* EssentialFeed.framework */; };
		4AE8322A2BE50D28006E1A37 /* EssentialFeed.h in Headers */ = {isa = PBXBuildFile; fileRef = 4AE8321C2BE50D28006E1A37 /* EssentialFeed.h */; settings = {ATTRIBUTES = (Public, ); }; };
		4AE832342BE50D3E006E1A37 /* FeedImage.swift in Sources */ = {isa = PBXBuildFile; fileRef = 4AE832332BE50D3E006E1A37 /* FeedImage.swift */; };
		4AE832362BE50E08006E1A37 /* FeedLoader.swift in Sources */ = {isa = PBXBuildFile; fileRef = 4AE832352BE50E08006E1A37 /* FeedLoader.swift */; };
		4AE832382BE51175006E1A37 /* RemoteFeedLoaderTests.swift in Sources */ = {isa = PBXBuildFile; fileRef = 4AE832372BE51175006E1A37 /* RemoteFeedLoaderTests.swift */; };
/* End PBXBuildFile section */

/* Begin PBXContainerItemProxy section */
		4A3D83E72C989AC300D4C9ED /* PBXContainerItemProxy */ = {
			isa = PBXContainerItemProxy;
			containerPortal = 4AE832102BE50D28006E1A37 /* Project object */;
			proxyType = 1;
			remoteGlobalIDString = 4AE832182BE50D28006E1A37;
			remoteInfo = EssentialFeed;
		};
		4A79AB852C7FA77A0034E024 /* PBXContainerItemProxy */ = {
			isa = PBXContainerItemProxy;
			containerPortal = 4AE832102BE50D28006E1A37 /* Project object */;
			proxyType = 1;
			remoteGlobalIDString = 4AE832182BE50D28006E1A37;
			remoteInfo = EssentialFeed;
		};
		4AA504FF2C92342B00C80CFF /* PBXContainerItemProxy */ = {
			isa = PBXContainerItemProxy;
			containerPortal = 4AE832102BE50D28006E1A37 /* Project object */;
			proxyType = 1;
			remoteGlobalIDString = 4AA504F52C92342B00C80CFF;
			remoteInfo = EssentialFeediOS;
		};
		4AC15C392BF7513600DB5049 /* PBXContainerItemProxy */ = {
			isa = PBXContainerItemProxy;
			containerPortal = 4AE832102BE50D28006E1A37 /* Project object */;
			proxyType = 1;
			remoteGlobalIDString = 4AE832182BE50D28006E1A37;
			remoteInfo = EssentialFeed;
		};
		4AE832252BE50D28006E1A37 /* PBXContainerItemProxy */ = {
			isa = PBXContainerItemProxy;
			containerPortal = 4AE832102BE50D28006E1A37 /* Project object */;
			proxyType = 1;
			remoteGlobalIDString = 4AE832182BE50D28006E1A37;
			remoteInfo = EssentialFeed;
		};
/* End PBXContainerItemProxy section */

/* Begin PBXCopyFilesBuildPhase section */
		4A3D83E92C989AC300D4C9ED /* Embed Frameworks */ = {
			isa = PBXCopyFilesBuildPhase;
			buildActionMask = 2147483647;
			dstPath = "";
			dstSubfolderSpec = 10;
			files = (
				4A3D83E62C989AC300D4C9ED /* EssentialFeed.framework in Embed Frameworks */,
			);
			name = "Embed Frameworks";
			runOnlyForDeploymentPostprocessing = 0;
		};
/* End PBXCopyFilesBuildPhase section */

/* Begin PBXFileReference section */
		4A042E7A2BF7583700245B7D /* CI_macOS.xctestplan */ = {isa = PBXFileReference; lastKnownFileType = text; path = CI_macOS.xctestplan; sourceTree = "<group>"; };
		4A136B102CAB50F700A85DA2 /* FeedPresenter.swift */ = {isa = PBXFileReference; lastKnownFileType = sourcecode.swift; path = FeedPresenter.swift; sourceTree = "<group>"; };
		4A136B142CADE0DD00A85DA2 /* Feed.storyboard */ = {isa = PBXFileReference; lastKnownFileType = file.storyboard; path = Feed.storyboard; sourceTree = "<group>"; };
		4A136B162CADE14F00A85DA2 /* Feed.xcassets */ = {isa = PBXFileReference; lastKnownFileType = folder.assetcatalog; path = Feed.xcassets; sourceTree = "<group>"; };
		4A136B182CADEC1A00A85DA2 /* FeedImagePresenter.swift */ = {isa = PBXFileReference; lastKnownFileType = sourcecode.swift; path = FeedImagePresenter.swift; sourceTree = "<group>"; };
		4A136B1A2CADF29300A85DA2 /* FeedViewModel.swift */ = {isa = PBXFileReference; lastKnownFileType = sourcecode.swift; path = FeedViewModel.swift; sourceTree = "<group>"; };
		4A136B1C2CADF2BD00A85DA2 /* FeedLoadingViewModel.swift */ = {isa = PBXFileReference; lastKnownFileType = sourcecode.swift; path = FeedLoadingViewModel.swift; sourceTree = "<group>"; };
		4A136B1E2CADF7E300A85DA2 /* UITableView+Dequeueing.swift */ = {isa = PBXFileReference; lastKnownFileType = sourcecode.swift; path = "UITableView+Dequeueing.swift"; sourceTree = "<group>"; };
		4A136B202CADFAF700A85DA2 /* UIImageView+Animations.swift */ = {isa = PBXFileReference; lastKnownFileType = sourcecode.swift; path = "UIImageView+Animations.swift"; sourceTree = "<group>"; };
		4A136B222CB486AD00A85DA2 /* Feed.xcstrings */ = {isa = PBXFileReference; lastKnownFileType = text.json.xcstrings; path = Feed.xcstrings; sourceTree = "<group>"; };
		4A136B242CB4892300A85DA2 /* FeedViewControllerTests+Localization.swift */ = {isa = PBXFileReference; lastKnownFileType = sourcecode.swift; path = "FeedViewControllerTests+Localization.swift"; sourceTree = "<group>"; };
		4A136B292CB48C0F00A85DA2 /* FeedLocalizationTests.swift */ = {isa = PBXFileReference; lastKnownFileType = sourcecode.swift; path = FeedLocalizationTests.swift; sourceTree = "<group>"; };
		4A14BC672BF3FD4500306C29 /* HTTPClient.swift */ = {isa = PBXFileReference; lastKnownFileType = sourcecode.swift; path = HTTPClient.swift; sourceTree = "<group>"; };
		4A14BC692BF3FDDD00306C29 /* FeedItemsMapper.swift */ = {isa = PBXFileReference; lastKnownFileType = sourcecode.swift; path = FeedItemsMapper.swift; sourceTree = "<group>"; };
		4A2CF49E2C6EA19E005E3C87 /* XCTestCase+FailableInsertFeedStoreSpecs.swift */ = {isa = PBXFileReference; lastKnownFileType = sourcecode.swift; path = "XCTestCase+FailableInsertFeedStoreSpecs.swift"; sourceTree = "<group>"; };
		4A2CF4A02C6EA36C005E3C87 /* XCTestCase+FailableDeleteFeedStoreSpecs.swift */ = {isa = PBXFileReference; lastKnownFileType = sourcecode.swift; path = "XCTestCase+FailableDeleteFeedStoreSpecs.swift"; sourceTree = "<group>"; };
		4A2CF4A32C6EA735005E3C87 /* CoreDataFeedStoreTests.swift */ = {isa = PBXFileReference; lastKnownFileType = sourcecode.swift; path = CoreDataFeedStoreTests.swift; sourceTree = "<group>"; };
		4A2CF4A52C6EA80E005E3C87 /* CoreDataFeedStore.swift */ = {isa = PBXFileReference; lastKnownFileType = sourcecode.swift; path = CoreDataFeedStore.swift; sourceTree = "<group>"; };
		4A2CF4A82C6EA9E9005E3C87 /* FeedStore.xcdatamodel */ = {isa = PBXFileReference; lastKnownFileType = wrapper.xcdatamodel; path = FeedStore.xcdatamodel; sourceTree = "<group>"; };
		4A3D83E22C9897C300D4C9ED /* FeedUIIntegrationTests.swift */ = {isa = PBXFileReference; lastKnownFileType = sourcecode.swift; path = FeedUIIntegrationTests.swift; sourceTree = "<group>"; };
		4A44C04C2C2C895A0057EEBF /* CacheFeedUseCaseTests.swift */ = {isa = PBXFileReference; lastKnownFileType = sourcecode.swift; path = CacheFeedUseCaseTests.swift; sourceTree = "<group>"; };
		4A44C04F2C3F1F7E0057EEBF /* LocalFeedLoader.swift */ = {isa = PBXFileReference; lastKnownFileType = sourcecode.swift; path = LocalFeedLoader.swift; sourceTree = "<group>"; };
		4A44C0512C3F1FEA0057EEBF /* FeedStore.swift */ = {isa = PBXFileReference; lastKnownFileType = sourcecode.swift; path = FeedStore.swift; sourceTree = "<group>"; };
		4A44C0532C3F295B0057EEBF /* RemoteFeedItem.swift */ = {isa = PBXFileReference; lastKnownFileType = sourcecode.swift; path = RemoteFeedItem.swift; sourceTree = "<group>"; };
		4A44C0552C3F29940057EEBF /* LocalFeedImage.swift */ = {isa = PBXFileReference; lastKnownFileType = sourcecode.swift; path = LocalFeedImage.swift; sourceTree = "<group>"; };
		4A44C0572C4008940057EEBF /* LoadFeedFromCacheUseCaseTests.swift */ = {isa = PBXFileReference; lastKnownFileType = sourcecode.swift; path = LoadFeedFromCacheUseCaseTests.swift; sourceTree = "<group>"; };
		4A44C05A2C4009BF0057EEBF /* FeedStoreSpy.swift */ = {isa = PBXFileReference; lastKnownFileType = sourcecode.swift; path = FeedStoreSpy.swift; sourceTree = "<group>"; };
		4A44C05C2C4029400057EEBF /* ValidateFeedCacheUseCaseTests.swift */ = {isa = PBXFileReference; lastKnownFileType = sourcecode.swift; path = ValidateFeedCacheUseCaseTests.swift; sourceTree = "<group>"; };
		4A44C05E2C402D160057EEBF /* FeedCacheTestHelpers.swift */ = {isa = PBXFileReference; lastKnownFileType = sourcecode.swift; path = FeedCacheTestHelpers.swift; sourceTree = "<group>"; };
		4A44C0602C402E020057EEBF /* SharedTestHelpers.swift */ = {isa = PBXFileReference; lastKnownFileType = sourcecode.swift; path = SharedTestHelpers.swift; sourceTree = "<group>"; };
		4A66B6FF2CC6E912008B70AC /* FeedViewController+TestHelpers.swift */ = {isa = PBXFileReference; lastKnownFileType = sourcecode.swift; path = "FeedViewController+TestHelpers.swift"; sourceTree = "<group>"; };
		4A66B7012CC6E9EA008B70AC /* UIRefreshControler+TestHelpers.swift */ = {isa = PBXFileReference; lastKnownFileType = sourcecode.swift; path = "UIRefreshControler+TestHelpers.swift"; sourceTree = "<group>"; };
		4A66B7032CC6EA57008B70AC /* UIImage+TestHelpers.swift */ = {isa = PBXFileReference; lastKnownFileType = sourcecode.swift; path = "UIImage+TestHelpers.swift"; sourceTree = "<group>"; };
		4A66B7052CC6EA8E008B70AC /* FeedImageViewCell+TestHelpers.swift */ = {isa = PBXFileReference; lastKnownFileType = sourcecode.swift; path = "FeedImageViewCell+TestHelpers.swift"; sourceTree = "<group>"; };
		4A66B7072CC6EACA008B70AC /* UIButton+TestHelpers.swift */ = {isa = PBXFileReference; lastKnownFileType = sourcecode.swift; path = "UIButton+TestHelpers.swift"; sourceTree = "<group>"; };
		4A66B7092CC6EB17008B70AC /* FeedUIIntegrationTests+LoaderSpy.swift */ = {isa = PBXFileReference; lastKnownFileType = sourcecode.swift; path = "FeedUIIntegrationTests+LoaderSpy.swift"; sourceTree = "<group>"; };
		4A66B70B2CC6EB6B008B70AC /* FeedUIIntegrationTests+Assertions.swift */ = {isa = PBXFileReference; lastKnownFileType = sourcecode.swift; path = "FeedUIIntegrationTests+Assertions.swift"; sourceTree = "<group>"; };
		4A66B70D2CC6F0CB008B70AC /* ErrorView.swift */ = {isa = PBXFileReference; lastKnownFileType = sourcecode.swift; path = ErrorView.swift; sourceTree = "<group>"; };
		4A68677A2C9DEE1600382A2F /* FeedViewController.swift */ = {isa = PBXFileReference; lastKnownFileType = sourcecode.swift; path = FeedViewController.swift; sourceTree = "<group>"; };
		4A68677C2C9E0AB300382A2F /* FeedImageViewCell.swift */ = {isa = PBXFileReference; lastKnownFileType = sourcecode.swift; path = FeedImageViewCell.swift; sourceTree = "<group>"; };
		4A68677E2C9E227A00382A2F /* UIView+Shimmering.swift */ = {isa = PBXFileReference; lastKnownFileType = sourcecode.swift; path = "UIView+Shimmering.swift"; sourceTree = "<group>"; };
		4A7141C42C427AAA00DA74E6 /* FeedCachePolicy.swift */ = {isa = PBXFileReference; lastKnownFileType = sourcecode.swift; path = FeedCachePolicy.swift; sourceTree = "<group>"; };
		4A79AB802C7FA77A0034E024 /* EssentialFeedCacheIntegrationTests.xctest */ = {isa = PBXFileReference; explicitFileType = wrapper.cfbundle; includeInIndex = 0; path = EssentialFeedCacheIntegrationTests.xctest; sourceTree = BUILT_PRODUCTS_DIR; };
		4A79AB822C7FA77A0034E024 /* EssentialFeedCacheIntegrationTests.swift */ = {isa = PBXFileReference; lastKnownFileType = sourcecode.swift; path = EssentialFeedCacheIntegrationTests.swift; sourceTree = "<group>"; };
		4A79AB8A2C7FA7B20034E024 /* EssentialFeedCacheIntegrationTests.xctestplan */ = {isa = PBXFileReference; lastKnownFileType = text; path = EssentialFeedCacheIntegrationTests.xctestplan; sourceTree = "<group>"; };
		4A7F463D2BF5485C00A47294 /* URLSessionHTTPClientTests.swift */ = {isa = PBXFileReference; lastKnownFileType = sourcecode.swift; path = URLSessionHTTPClientTests.swift; sourceTree = "<group>"; };
		4AA018B02C6BFD4300362BF5 /* FeedStoreSpecs.swift */ = {isa = PBXFileReference; lastKnownFileType = sourcecode.swift; path = FeedStoreSpecs.swift; sourceTree = "<group>"; };
		4AA018B22C6BFDFC00362BF5 /* XCTestCase+FeedStoreSpecs.swift */ = {isa = PBXFileReference; lastKnownFileType = sourcecode.swift; path = "XCTestCase+FeedStoreSpecs.swift"; sourceTree = "<group>"; };
		4AA018B42C6C07E400362BF5 /* XCTestCase+FailableRetrieveFeedStoreSpecs.swift */ = {isa = PBXFileReference; lastKnownFileType = sourcecode.swift; path = "XCTestCase+FailableRetrieveFeedStoreSpecs.swift"; sourceTree = "<group>"; };
		4AA3B6072BEC196F00B68FEB /* RemoteFeedLoader.swift */ = {isa = PBXFileReference; lastKnownFileType = sourcecode.swift; path = RemoteFeedLoader.swift; sourceTree = "<group>"; };
		4AA504F62C92342B00C80CFF /* EssentialFeediOS.framework */ = {isa = PBXFileReference; explicitFileType = wrapper.framework; includeInIndex = 0; path = EssentialFeediOS.framework; sourceTree = BUILT_PRODUCTS_DIR; };
		4AA504FD2C92342B00C80CFF /* EssentialFeediOSTests.xctest */ = {isa = PBXFileReference; explicitFileType = wrapper.cfbundle; includeInIndex = 0; path = EssentialFeediOSTests.xctest; sourceTree = BUILT_PRODUCTS_DIR; };
		4AA5050B2C92348D00C80CFF /* EssentialFeediOS.xctestplan */ = {isa = PBXFileReference; lastKnownFileType = text; path = EssentialFeediOS.xctestplan; sourceTree = "<group>"; };
		4AA5050C2C9235DE00C80CFF /* CI_iOS.xctestplan */ = {isa = PBXFileReference; lastKnownFileType = text; path = CI_iOS.xctestplan; sourceTree = "<group>"; };
		4AAD94BF2CA4B64C0072C311 /* FeedImageDataLoader.swift */ = {isa = PBXFileReference; lastKnownFileType = sourcecode.swift; path = FeedImageDataLoader.swift; sourceTree = "<group>"; };
		4AAD94C32CA5A4290072C311 /* FeedImageCellController.swift */ = {isa = PBXFileReference; lastKnownFileType = sourcecode.swift; path = FeedImageCellController.swift; sourceTree = "<group>"; };
		4AAD94C62CA736990072C311 /* FeedUIComposer.swift */ = {isa = PBXFileReference; lastKnownFileType = sourcecode.swift; path = FeedUIComposer.swift; sourceTree = "<group>"; };
		4AAD94CB2CAB449C0072C311 /* FeedImageViewModel.swift */ = {isa = PBXFileReference; lastKnownFileType = sourcecode.swift; path = FeedImageViewModel.swift; sourceTree = "<group>"; };
		4AC15C2B2BF6A72D00DB5049 /* XCTestCase+MemoryLeakTracking.swift */ = {isa = PBXFileReference; lastKnownFileType = sourcecode.swift; path = "XCTestCase+MemoryLeakTracking.swift"; sourceTree = "<group>"; };
		4AC15C2D2BF6B77900DB5049 /* URLSessionHTTPClient.swift */ = {isa = PBXFileReference; lastKnownFileType = sourcecode.swift; path = URLSessionHTTPClient.swift; sourceTree = "<group>"; };
		4AC15C2F2BF74F7800DB5049 /* EssentialFeed.xctestplan */ = {isa = PBXFileReference; lastKnownFileType = text; path = EssentialFeed.xctestplan; sourceTree = "<group>"; };
		4AC15C342BF7513600DB5049 /* EssentialFeedAPIEndToEndTests.xctest */ = {isa = PBXFileReference; explicitFileType = wrapper.cfbundle; includeInIndex = 0; path = EssentialFeedAPIEndToEndTests.xctest; sourceTree = BUILT_PRODUCTS_DIR; };
		4AC15C362BF7513600DB5049 /* EssentialFeedAPIEndToEndTests.swift */ = {isa = PBXFileReference; lastKnownFileType = sourcecode.swift; path = EssentialFeedAPIEndToEndTests.swift; sourceTree = "<group>"; };
		4AC15C3E2BF7538400DB5049 /* EssentialFeedAPIEndToEndTests.xctestplan */ = {isa = PBXFileReference; lastKnownFileType = text; path = EssentialFeedAPIEndToEndTests.xctestplan; sourceTree = "<group>"; };
		4AC495042C7E843E00DCDD05 /* CoreDataHelpers.swift */ = {isa = PBXFileReference; lastKnownFileType = sourcecode.swift; path = CoreDataHelpers.swift; sourceTree = "<group>"; };
		4AC495062C7E84F300DCDD05 /* ManagedCache.swift */ = {isa = PBXFileReference; lastKnownFileType = sourcecode.swift; path = ManagedCache.swift; sourceTree = "<group>"; };
		4AC495082C7E850400DCDD05 /* ManagedFeedImage.swift */ = {isa = PBXFileReference; lastKnownFileType = sourcecode.swift; path = ManagedFeedImage.swift; sourceTree = "<group>"; };
		4ADBA0DD2CB55F2E008C838C /* MainQueueDispatchDecorator.swift */ = {isa = PBXFileReference; lastKnownFileType = sourcecode.swift; path = MainQueueDispatchDecorator.swift; sourceTree = "<group>"; };
		4ADBA0DF2CB55FCC008C838C /* WeakRefVirtualProxy.swift */ = {isa = PBXFileReference; lastKnownFileType = sourcecode.swift; path = WeakRefVirtualProxy.swift; sourceTree = "<group>"; };
		4ADBA0E12CB5603D008C838C /* FeedImageDataLoaderPresentationAdapter.swift */ = {isa = PBXFileReference; lastKnownFileType = sourcecode.swift; path = FeedImageDataLoaderPresentationAdapter.swift; sourceTree = "<group>"; };
		4ADBA0E32CB5606F008C838C /* FeedLoaderPresentationAdapter.swift */ = {isa = PBXFileReference; lastKnownFileType = sourcecode.swift; path = FeedLoaderPresentationAdapter.swift; sourceTree = "<group>"; };
		4ADBA0E52CB560C0008C838C /* FeedViewAdapter.swift */ = {isa = PBXFileReference; lastKnownFileType = sourcecode.swift; path = FeedViewAdapter.swift; sourceTree = "<group>"; };
		4AE832192BE50D28006E1A37 /* EssentialFeed.framework */ = {isa = PBXFileReference; explicitFileType = wrapper.framework; includeInIndex = 0; path = EssentialFeed.framework; sourceTree = BUILT_PRODUCTS_DIR; };
		4AE8321C2BE50D28006E1A37 /* EssentialFeed.h */ = {isa = PBXFileReference; lastKnownFileType = sourcecode.c.h; path = EssentialFeed.h; sourceTree = "<group>"; };
		4AE8321D2BE50D28006E1A37 /* EssentialFeed.docc */ = {isa = PBXFileReference; lastKnownFileType = folder.documentationcatalog; path = EssentialFeed.docc; sourceTree = "<group>"; };
		4AE832232BE50D28006E1A37 /* EssentialFeedTests.xctest */ = {isa = PBXFileReference; explicitFileType = wrapper.cfbundle; includeInIndex = 0; path = EssentialFeedTests.xctest; sourceTree = BUILT_PRODUCTS_DIR; };
		4AE832332BE50D3E006E1A37 /* FeedImage.swift */ = {isa = PBXFileReference; lastKnownFileType = sourcecode.swift; path = FeedImage.swift; sourceTree = "<group>"; };
		4AE832352BE50E08006E1A37 /* FeedLoader.swift */ = {isa = PBXFileReference; lastKnownFileType = sourcecode.swift; path = FeedLoader.swift; sourceTree = "<group>"; };
		4AE832372BE51175006E1A37 /* RemoteFeedLoaderTests.swift */ = {isa = PBXFileReference; lastKnownFileType = sourcecode.swift; path = RemoteFeedLoaderTests.swift; sourceTree = "<group>"; };
/* End PBXFileReference section */

/* Begin PBXFrameworksBuildPhase section */
		4A79AB7D2C7FA77A0034E024 /* Frameworks */ = {
			isa = PBXFrameworksBuildPhase;
			buildActionMask = 2147483647;
			files = (
				4A79AB842C7FA77A0034E024 /* EssentialFeed.framework in Frameworks */,
			);
			runOnlyForDeploymentPostprocessing = 0;
		};
		4AA504F32C92342B00C80CFF /* Frameworks */ = {
			isa = PBXFrameworksBuildPhase;
			buildActionMask = 2147483647;
			files = (
				4A3D83E52C989AC300D4C9ED /* EssentialFeed.framework in Frameworks */,
			);
			runOnlyForDeploymentPostprocessing = 0;
		};
		4AA504FA2C92342B00C80CFF /* Frameworks */ = {
			isa = PBXFrameworksBuildPhase;
			buildActionMask = 2147483647;
			files = (
				4AA504FE2C92342B00C80CFF /* EssentialFeediOS.framework in Frameworks */,
			);
			runOnlyForDeploymentPostprocessing = 0;
		};
		4AC15C312BF7513600DB5049 /* Frameworks */ = {
			isa = PBXFrameworksBuildPhase;
			buildActionMask = 2147483647;
			files = (
				4AC15C382BF7513600DB5049 /* EssentialFeed.framework in Frameworks */,
			);
			runOnlyForDeploymentPostprocessing = 0;
		};
		4AE832162BE50D28006E1A37 /* Frameworks */ = {
			isa = PBXFrameworksBuildPhase;
			buildActionMask = 2147483647;
			files = (
			);
			runOnlyForDeploymentPostprocessing = 0;
		};
		4AE832202BE50D28006E1A37 /* Frameworks */ = {
			isa = PBXFrameworksBuildPhase;
			buildActionMask = 2147483647;
			files = (
				4AE832242BE50D28006E1A37 /* EssentialFeed.framework in Frameworks */,
			);
			runOnlyForDeploymentPostprocessing = 0;
		};
/* End PBXFrameworksBuildPhase section */

/* Begin PBXGroup section */
		4A136B262CB4896D00A85DA2 /* Helpers */ = {
			isa = PBXGroup;
			children = (
				4A66B70B2CC6EB6B008B70AC /* FeedUIIntegrationTests+Assertions.swift */,
				4A66B7092CC6EB17008B70AC /* FeedUIIntegrationTests+LoaderSpy.swift */,
				4A66B7072CC6EACA008B70AC /* UIButton+TestHelpers.swift */,
				4A66B7052CC6EA8E008B70AC /* FeedImageViewCell+TestHelpers.swift */,
				4A66B7032CC6EA57008B70AC /* UIImage+TestHelpers.swift */,
				4A66B7012CC6E9EA008B70AC /* UIRefreshControler+TestHelpers.swift */,
				4A66B6FF2CC6E912008B70AC /* FeedViewController+TestHelpers.swift */,
				4A136B242CB4892300A85DA2 /* FeedViewControllerTests+Localization.swift */,
			);
			path = Helpers;
			sourceTree = "<group>";
		};
		4A136B272CB48BFB00A85DA2 /* Feed UI */ = {
			isa = PBXGroup;
			children = (
				4A136B262CB4896D00A85DA2 /* Helpers */,
				4A3D83E22C9897C300D4C9ED /* FeedUIIntegrationTests.swift */,
			);
			path = "Feed UI";
			sourceTree = "<group>";
		};
		4A136B282CB48C0200A85DA2 /* Feed Presentation */ = {
			isa = PBXGroup;
			children = (
				4A136B292CB48C0F00A85DA2 /* FeedLocalizationTests.swift */,
			);
			path = "Feed Presentation";
			sourceTree = "<group>";
		};
		4A14BC6B2BF405C500306C29 /* Feed API */ = {
			isa = PBXGroup;
			children = (
				4AE832372BE51175006E1A37 /* RemoteFeedLoaderTests.swift */,
				4A7F463D2BF5485C00A47294 /* URLSessionHTTPClientTests.swift */,
			);
			path = "Feed API";
			sourceTree = "<group>";
		};
		4A14BC6C2BF4089900306C29 /* Feed Feature */ = {
			isa = PBXGroup;
			children = (
				4AE832352BE50E08006E1A37 /* FeedLoader.swift */,
				4AE832332BE50D3E006E1A37 /* FeedImage.swift */,
			);
			path = "Feed Feature";
			sourceTree = "<group>";
		};
		4A2CF4A22C6EA4CC005E3C87 /* FeedStoreSpecs */ = {
			isa = PBXGroup;
			children = (
				4AA018B02C6BFD4300362BF5 /* FeedStoreSpecs.swift */,
				4AA018B22C6BFDFC00362BF5 /* XCTestCase+FeedStoreSpecs.swift */,
				4AA018B42C6C07E400362BF5 /* XCTestCase+FailableRetrieveFeedStoreSpecs.swift */,
				4A2CF49E2C6EA19E005E3C87 /* XCTestCase+FailableInsertFeedStoreSpecs.swift */,
				4A2CF4A02C6EA36C005E3C87 /* XCTestCase+FailableDeleteFeedStoreSpecs.swift */,
			);
			path = FeedStoreSpecs;
			sourceTree = "<group>";
		};
		4A3D83E42C989AC300D4C9ED /* Frameworks */ = {
			isa = PBXGroup;
			children = (
			);
			name = Frameworks;
			sourceTree = "<group>";
		};
		4A44C04B2C2C89360057EEBF /* Feed Cache */ = {
			isa = PBXGroup;
			children = (
				4A2CF4A22C6EA4CC005E3C87 /* FeedStoreSpecs */,
				4A44C0592C4009B20057EEBF /* Helpers */,
				4A44C04C2C2C895A0057EEBF /* CacheFeedUseCaseTests.swift */,
				4A44C0572C4008940057EEBF /* LoadFeedFromCacheUseCaseTests.swift */,
				4A44C05C2C4029400057EEBF /* ValidateFeedCacheUseCaseTests.swift */,
				4A2CF4A32C6EA735005E3C87 /* CoreDataFeedStoreTests.swift */,
			);
			path = "Feed Cache";
			sourceTree = "<group>";
		};
		4A44C04E2C3F1F660057EEBF /* Feed Cache */ = {
			isa = PBXGroup;
			children = (
				4A44C04F2C3F1F7E0057EEBF /* LocalFeedLoader.swift */,
				4A44C0512C3F1FEA0057EEBF /* FeedStore.swift */,
				4A44C0552C3F29940057EEBF /* LocalFeedImage.swift */,
				4A7141C42C427AAA00DA74E6 /* FeedCachePolicy.swift */,
				4AC495012C7E830C00DCDD05 /* Infrastructure */,
			);
			path = "Feed Cache";
			sourceTree = "<group>";
		};
		4A44C0592C4009B20057EEBF /* Helpers */ = {
			isa = PBXGroup;
			children = (
				4A44C05A2C4009BF0057EEBF /* FeedStoreSpy.swift */,
				4A44C05E2C402D160057EEBF /* FeedCacheTestHelpers.swift */,
			);
			path = Helpers;
			sourceTree = "<group>";
		};
		4A66B70F2CC6F662008B70AC /* Helpers */ = {
			isa = PBXGroup;
			children = (
				4A136B202CADFAF700A85DA2 /* UIImageView+Animations.swift */,
				4A136B1E2CADF7E300A85DA2 /* UITableView+Dequeueing.swift */,
				4A68677E2C9E227A00382A2F /* UIView+Shimmering.swift */,
			);
			path = Helpers;
			sourceTree = "<group>";
		};
		4A79AB812C7FA77A0034E024 /* EssentialFeedCacheIntegrationTests */ = {
			isa = PBXGroup;
			children = (
				4A79AB822C7FA77A0034E024 /* EssentialFeedCacheIntegrationTests.swift */,
			);
			path = EssentialFeedCacheIntegrationTests;
			sourceTree = "<group>";
		};
		4AA3B6062BEC195900B68FEB /* Feed API */ = {
			isa = PBXGroup;
			children = (
				4AA3B6072BEC196F00B68FEB /* RemoteFeedLoader.swift */,
				4A14BC692BF3FDDD00306C29 /* FeedItemsMapper.swift */,
				4A14BC672BF3FD4500306C29 /* HTTPClient.swift */,
				4AC15C2D2BF6B77900DB5049 /* URLSessionHTTPClient.swift */,
				4A44C0532C3F295B0057EEBF /* RemoteFeedItem.swift */,
			);
			path = "Feed API";
			sourceTree = "<group>";
		};
		4AA504F72C92342B00C80CFF /* EssentialFeediOS */ = {
			isa = PBXGroup;
			children = (
				4AAD94BE2CA4B6350072C311 /* Feed Image Loader */,
				4AAD94BD2CA4B5A00072C311 /* Feed UI */,
			);
			path = EssentialFeediOS;
			sourceTree = "<group>";
		};
		4AA505012C92342B00C80CFF /* EssentialFeediOSTests */ = {
			isa = PBXGroup;
			children = (
				4A136B282CB48C0200A85DA2 /* Feed Presentation */,
				4A136B272CB48BFB00A85DA2 /* Feed UI */,
			);
			path = EssentialFeediOSTests;
			sourceTree = "<group>";
		};
		4AAD94BB2CA4B57F0072C311 /* Views */ = {
			isa = PBXGroup;
			children = (
				4A66B70D2CC6F0CB008B70AC /* ErrorView.swift */,
				4A66B70F2CC6F662008B70AC /* Helpers */,
				4A68677C2C9E0AB300382A2F /* FeedImageViewCell.swift */,
				4A136B142CADE0DD00A85DA2 /* Feed.storyboard */,
				4A136B162CADE14F00A85DA2 /* Feed.xcassets */,
			);
			path = Views;
			sourceTree = "<group>";
		};
		4AAD94BC2CA4B5920072C311 /* Controllers */ = {
			isa = PBXGroup;
			children = (
				4AAD94C32CA5A4290072C311 /* FeedImageCellController.swift */,
				4A68677A2C9DEE1600382A2F /* FeedViewController.swift */,
			);
			path = Controllers;
			sourceTree = "<group>";
		};
		4AAD94BD2CA4B5A00072C311 /* Feed UI */ = {
			isa = PBXGroup;
			children = (
				4AAD94C82CAB3CE10072C311 /* Feed Presentation */,
				4AAD94C52CA7368B0072C311 /* Composers */,
				4AAD94BC2CA4B5920072C311 /* Controllers */,
				4AAD94BB2CA4B57F0072C311 /* Views */,
			);
			path = "Feed UI";
			sourceTree = "<group>";
		};
		4AAD94BE2CA4B6350072C311 /* Feed Image Loader */ = {
			isa = PBXGroup;
			children = (
				4AAD94BF2CA4B64C0072C311 /* FeedImageDataLoader.swift */,
			);
			path = "Feed Image Loader";
			sourceTree = "<group>";
		};
		4AAD94C52CA7368B0072C311 /* Composers */ = {
			isa = PBXGroup;
			children = (
				4ADBA0DF2CB55FCC008C838C /* WeakRefVirtualProxy.swift */,
				4ADBA0DD2CB55F2E008C838C /* MainQueueDispatchDecorator.swift */,
				4AAD94C62CA736990072C311 /* FeedUIComposer.swift */,
				4ADBA0E52CB560C0008C838C /* FeedViewAdapter.swift */,
				4ADBA0E32CB5606F008C838C /* FeedLoaderPresentationAdapter.swift */,
				4ADBA0E12CB5603D008C838C /* FeedImageDataLoaderPresentationAdapter.swift */,
			);
			path = Composers;
			sourceTree = "<group>";
		};
		4AAD94C82CAB3CE10072C311 /* Feed Presentation */ = {
			isa = PBXGroup;
			children = (
				4A136B1C2CADF2BD00A85DA2 /* FeedLoadingViewModel.swift */,
				4A136B1A2CADF29300A85DA2 /* FeedViewModel.swift */,
				4A136B182CADEC1A00A85DA2 /* FeedImagePresenter.swift */,
				4A136B102CAB50F700A85DA2 /* FeedPresenter.swift */,
				4AAD94CB2CAB449C0072C311 /* FeedImageViewModel.swift */,
				4A136B222CB486AD00A85DA2 /* Feed.xcstrings */,
			);
			path = "Feed Presentation";
			sourceTree = "<group>";
		};
		4AC15C2A2BF6A6FD00DB5049 /* Helpers */ = {
			isa = PBXGroup;
			children = (
				4AC15C2B2BF6A72D00DB5049 /* XCTestCase+MemoryLeakTracking.swift */,
				4A44C0602C402E020057EEBF /* SharedTestHelpers.swift */,
			);
			path = Helpers;
			sourceTree = "<group>";
		};
		4AC15C352BF7513600DB5049 /* EssentialFeedAPIEndToEndTests */ = {
			isa = PBXGroup;
			children = (
				4AC15C362BF7513600DB5049 /* EssentialFeedAPIEndToEndTests.swift */,
			);
			path = EssentialFeedAPIEndToEndTests;
			sourceTree = "<group>";
		};
		4AC495012C7E830C00DCDD05 /* Infrastructure */ = {
			isa = PBXGroup;
			children = (
				4AC495022C7E832C00DCDD05 /* CoreData */,
			);
			path = Infrastructure;
			sourceTree = "<group>";
		};
		4AC495022C7E832C00DCDD05 /* CoreData */ = {
			isa = PBXGroup;
			children = (
				4A2CF4A72C6EA9E9005E3C87 /* FeedStore.xcdatamodeld */,
				4A2CF4A52C6EA80E005E3C87 /* CoreDataFeedStore.swift */,
				4AC495042C7E843E00DCDD05 /* CoreDataHelpers.swift */,
				4AC495062C7E84F300DCDD05 /* ManagedCache.swift */,
				4AC495082C7E850400DCDD05 /* ManagedFeedImage.swift */,
			);
			path = CoreData;
			sourceTree = "<group>";
		};
		4AE8320F2BE50D28006E1A37 = {
			isa = PBXGroup;
			children = (
				4AA5050B2C92348D00C80CFF /* EssentialFeediOS.xctestplan */,
				4A79AB8A2C7FA7B20034E024 /* EssentialFeedCacheIntegrationTests.xctestplan */,
				4A042E7A2BF7583700245B7D /* CI_macOS.xctestplan */,
				4AA5050C2C9235DE00C80CFF /* CI_iOS.xctestplan */,
				4AC15C3E2BF7538400DB5049 /* EssentialFeedAPIEndToEndTests.xctestplan */,
				4AC15C2F2BF74F7800DB5049 /* EssentialFeed.xctestplan */,
				4AE8321B2BE50D28006E1A37 /* EssentialFeed */,
				4AE832272BE50D28006E1A37 /* EssentialFeedTests */,
				4AC15C352BF7513600DB5049 /* EssentialFeedAPIEndToEndTests */,
				4A79AB812C7FA77A0034E024 /* EssentialFeedCacheIntegrationTests */,
				4AA504F72C92342B00C80CFF /* EssentialFeediOS */,
				4AA505012C92342B00C80CFF /* EssentialFeediOSTests */,
				4AE8321A2BE50D28006E1A37 /* Products */,
				4A3D83E42C989AC300D4C9ED /* Frameworks */,
			);
			sourceTree = "<group>";
		};
		4AE8321A2BE50D28006E1A37 /* Products */ = {
			isa = PBXGroup;
			children = (
				4AE832192BE50D28006E1A37 /* EssentialFeed.framework */,
				4AE832232BE50D28006E1A37 /* EssentialFeedTests.xctest */,
				4AC15C342BF7513600DB5049 /* EssentialFeedAPIEndToEndTests.xctest */,
				4A79AB802C7FA77A0034E024 /* EssentialFeedCacheIntegrationTests.xctest */,
				4AA504F62C92342B00C80CFF /* EssentialFeediOS.framework */,
				4AA504FD2C92342B00C80CFF /* EssentialFeediOSTests.xctest */,
			);
			name = Products;
			sourceTree = "<group>";
		};
		4AE8321B2BE50D28006E1A37 /* EssentialFeed */ = {
			isa = PBXGroup;
			children = (
				4A44C04E2C3F1F660057EEBF /* Feed Cache */,
				4A14BC6C2BF4089900306C29 /* Feed Feature */,
				4AA3B6062BEC195900B68FEB /* Feed API */,
				4AE8321C2BE50D28006E1A37 /* EssentialFeed.h */,
				4AE8321D2BE50D28006E1A37 /* EssentialFeed.docc */,
			);
			path = EssentialFeed;
			sourceTree = "<group>";
		};
		4AE832272BE50D28006E1A37 /* EssentialFeedTests */ = {
			isa = PBXGroup;
			children = (
				4AC15C2A2BF6A6FD00DB5049 /* Helpers */,
				4A44C04B2C2C89360057EEBF /* Feed Cache */,
				4A14BC6B2BF405C500306C29 /* Feed API */,
			);
			path = EssentialFeedTests;
			sourceTree = "<group>";
		};
/* End PBXGroup section */

/* Begin PBXHeadersBuildPhase section */
		4AA504F12C92342B00C80CFF /* Headers */ = {
			isa = PBXHeadersBuildPhase;
			buildActionMask = 2147483647;
			files = (
			);
			runOnlyForDeploymentPostprocessing = 0;
		};
		4AE832142BE50D28006E1A37 /* Headers */ = {
			isa = PBXHeadersBuildPhase;
			buildActionMask = 2147483647;
			files = (
				4AE8322A2BE50D28006E1A37 /* EssentialFeed.h in Headers */,
			);
			runOnlyForDeploymentPostprocessing = 0;
		};
/* End PBXHeadersBuildPhase section */

/* Begin PBXNativeTarget section */
		4A79AB7F2C7FA77A0034E024 /* EssentialFeedCacheIntegrationTests */ = {
			isa = PBXNativeTarget;
			buildConfigurationList = 4A79AB892C7FA77A0034E024 /* Build configuration list for PBXNativeTarget "EssentialFeedCacheIntegrationTests" */;
			buildPhases = (
				4A79AB7C2C7FA77A0034E024 /* Sources */,
				4A79AB7D2C7FA77A0034E024 /* Frameworks */,
				4A79AB7E2C7FA77A0034E024 /* Resources */,
			);
			buildRules = (
			);
			dependencies = (
				4A79AB862C7FA77A0034E024 /* PBXTargetDependency */,
			);
			name = EssentialFeedCacheIntegrationTests;
			productName = EssentialFeedCacheIntegrationTests;
			productReference = 4A79AB802C7FA77A0034E024 /* EssentialFeedCacheIntegrationTests.xctest */;
			productType = "com.apple.product-type.bundle.unit-test";
		};
		4AA504F52C92342B00C80CFF /* EssentialFeediOS */ = {
			isa = PBXNativeTarget;
			buildConfigurationList = 4AA505052C92342B00C80CFF /* Build configuration list for PBXNativeTarget "EssentialFeediOS" */;
			buildPhases = (
				4AA504F12C92342B00C80CFF /* Headers */,
				4AA504F22C92342B00C80CFF /* Sources */,
				4AA504F32C92342B00C80CFF /* Frameworks */,
				4AA504F42C92342B00C80CFF /* Resources */,
				4A3D83E92C989AC300D4C9ED /* Embed Frameworks */,
			);
			buildRules = (
			);
			dependencies = (
				4A3D83E82C989AC300D4C9ED /* PBXTargetDependency */,
			);
			name = EssentialFeediOS;
			productName = EssentialFeediOS;
			productReference = 4AA504F62C92342B00C80CFF /* EssentialFeediOS.framework */;
			productType = "com.apple.product-type.framework";
		};
		4AA504FC2C92342B00C80CFF /* EssentialFeediOSTests */ = {
			isa = PBXNativeTarget;
			buildConfigurationList = 4AA505082C92342B00C80CFF /* Build configuration list for PBXNativeTarget "EssentialFeediOSTests" */;
			buildPhases = (
				4AA504F92C92342B00C80CFF /* Sources */,
				4AA504FA2C92342B00C80CFF /* Frameworks */,
				4AA504FB2C92342B00C80CFF /* Resources */,
			);
			buildRules = (
			);
			dependencies = (
				4AA505002C92342B00C80CFF /* PBXTargetDependency */,
			);
			name = EssentialFeediOSTests;
			productName = EssentialFeediOSTests;
			productReference = 4AA504FD2C92342B00C80CFF /* EssentialFeediOSTests.xctest */;
			productType = "com.apple.product-type.bundle.unit-test";
		};
		4AC15C332BF7513600DB5049 /* EssentialFeedAPIEndToEndTests */ = {
			isa = PBXNativeTarget;
			buildConfigurationList = 4AC15C3B2BF7513600DB5049 /* Build configuration list for PBXNativeTarget "EssentialFeedAPIEndToEndTests" */;
			buildPhases = (
				4AC15C302BF7513600DB5049 /* Sources */,
				4AC15C312BF7513600DB5049 /* Frameworks */,
				4AC15C322BF7513600DB5049 /* Resources */,
			);
			buildRules = (
			);
			dependencies = (
				4AC15C3A2BF7513600DB5049 /* PBXTargetDependency */,
			);
			name = EssentialFeedAPIEndToEndTests;
			productName = EssentialFeedAPIEndToEndTests;
			productReference = 4AC15C342BF7513600DB5049 /* EssentialFeedAPIEndToEndTests.xctest */;
			productType = "com.apple.product-type.bundle.unit-test";
		};
		4AE832182BE50D28006E1A37 /* EssentialFeed */ = {
			isa = PBXNativeTarget;
			buildConfigurationList = 4AE8322D2BE50D28006E1A37 /* Build configuration list for PBXNativeTarget "EssentialFeed" */;
			buildPhases = (
				4AE832142BE50D28006E1A37 /* Headers */,
				4AE832152BE50D28006E1A37 /* Sources */,
				4AE832162BE50D28006E1A37 /* Frameworks */,
				4AE832172BE50D28006E1A37 /* Resources */,
			);
			buildRules = (
			);
			dependencies = (
			);
			name = EssentialFeed;
			productName = EssentialFeed;
			productReference = 4AE832192BE50D28006E1A37 /* EssentialFeed.framework */;
			productType = "com.apple.product-type.framework";
		};
		4AE832222BE50D28006E1A37 /* EssentialFeedTests */ = {
			isa = PBXNativeTarget;
			buildConfigurationList = 4AE832302BE50D28006E1A37 /* Build configuration list for PBXNativeTarget "EssentialFeedTests" */;
			buildPhases = (
				4AE8321F2BE50D28006E1A37 /* Sources */,
				4AE832202BE50D28006E1A37 /* Frameworks */,
				4AE832212BE50D28006E1A37 /* Resources */,
			);
			buildRules = (
			);
			dependencies = (
				4AE832262BE50D28006E1A37 /* PBXTargetDependency */,
			);
			name = EssentialFeedTests;
			productName = EssentialFeedTests;
			productReference = 4AE832232BE50D28006E1A37 /* EssentialFeedTests.xctest */;
			productType = "com.apple.product-type.bundle.unit-test";
		};
/* End PBXNativeTarget section */

/* Begin PBXProject section */
		4AE832102BE50D28006E1A37 /* Project object */ = {
			isa = PBXProject;
			attributes = {
				BuildIndependentTargetsInParallel = 1;
				LastSwiftUpdateCheck = 1540;
				LastUpgradeCheck = 1540;
				TargetAttributes = {
					4A79AB7F2C7FA77A0034E024 = {
						CreatedOnToolsVersion = 15.4;
					};
					4AA504F52C92342B00C80CFF = {
						CreatedOnToolsVersion = 15.4;
						LastSwiftMigration = 1540;
					};
					4AA504FC2C92342B00C80CFF = {
						CreatedOnToolsVersion = 15.4;
						LastSwiftMigration = 1540;
					};
					4AC15C332BF7513600DB5049 = {
						CreatedOnToolsVersion = 15.3;
					};
					4AE832182BE50D28006E1A37 = {
						CreatedOnToolsVersion = 15.3;
					};
					4AE832222BE50D28006E1A37 = {
						CreatedOnToolsVersion = 15.3;
					};
				};
			};
			buildConfigurationList = 4AE832132BE50D28006E1A37 /* Build configuration list for PBXProject "EssentialFeed" */;
			compatibilityVersion = "Xcode 14.0";
			developmentRegion = en;
			hasScannedForEncodings = 0;
			knownRegions = (
				en,
				Base,
				"pt-BR",
				el,
			);
			mainGroup = 4AE8320F2BE50D28006E1A37;
			productRefGroup = 4AE8321A2BE50D28006E1A37 /* Products */;
			projectDirPath = "";
			projectRoot = "";
			targets = (
				4AE832182BE50D28006E1A37 /* EssentialFeed */,
				4AE832222BE50D28006E1A37 /* EssentialFeedTests */,
				4AC15C332BF7513600DB5049 /* EssentialFeedAPIEndToEndTests */,
				4A79AB7F2C7FA77A0034E024 /* EssentialFeedCacheIntegrationTests */,
				4AA504F52C92342B00C80CFF /* EssentialFeediOS */,
				4AA504FC2C92342B00C80CFF /* EssentialFeediOSTests */,
			);
		};
/* End PBXProject section */

/* Begin PBXResourcesBuildPhase section */
		4A79AB7E2C7FA77A0034E024 /* Resources */ = {
			isa = PBXResourcesBuildPhase;
			buildActionMask = 2147483647;
			files = (
			);
			runOnlyForDeploymentPostprocessing = 0;
		};
		4AA504F42C92342B00C80CFF /* Resources */ = {
			isa = PBXResourcesBuildPhase;
			buildActionMask = 2147483647;
			files = (
				4A136B232CB486AD00A85DA2 /* Feed.xcstrings in Resources */,
				4A136B152CADE0DD00A85DA2 /* Feed.storyboard in Resources */,
				4A136B172CADE14F00A85DA2 /* Feed.xcassets in Resources */,
			);
			runOnlyForDeploymentPostprocessing = 0;
		};
		4AA504FB2C92342B00C80CFF /* Resources */ = {
			isa = PBXResourcesBuildPhase;
			buildActionMask = 2147483647;
			files = (
			);
			runOnlyForDeploymentPostprocessing = 0;
		};
		4AC15C322BF7513600DB5049 /* Resources */ = {
			isa = PBXResourcesBuildPhase;
			buildActionMask = 2147483647;
			files = (
			);
			runOnlyForDeploymentPostprocessing = 0;
		};
		4AE832172BE50D28006E1A37 /* Resources */ = {
			isa = PBXResourcesBuildPhase;
			buildActionMask = 2147483647;
			files = (
			);
			runOnlyForDeploymentPostprocessing = 0;
		};
		4AE832212BE50D28006E1A37 /* Resources */ = {
			isa = PBXResourcesBuildPhase;
			buildActionMask = 2147483647;
			files = (
			);
			runOnlyForDeploymentPostprocessing = 0;
		};
/* End PBXResourcesBuildPhase section */

/* Begin PBXSourcesBuildPhase section */
		4A79AB7C2C7FA77A0034E024 /* Sources */ = {
			isa = PBXSourcesBuildPhase;
			buildActionMask = 2147483647;
			files = (
				4A79AB8D2C7FAD650034E024 /* SharedTestHelpers.swift in Sources */,
				4A79AB832C7FA77A0034E024 /* EssentialFeedCacheIntegrationTests.swift in Sources */,
				4A79AB8C2C7FAD4E0034E024 /* FeedCacheTestHelpers.swift in Sources */,
				4A79AB8B2C7FAAD50034E024 /* XCTestCase+MemoryLeakTracking.swift in Sources */,
			);
			runOnlyForDeploymentPostprocessing = 0;
		};
		4AA504F22C92342B00C80CFF /* Sources */ = {
			isa = PBXSourcesBuildPhase;
			buildActionMask = 2147483647;
			files = (
				4A136B1B2CADF29500A85DA2 /* FeedViewModel.swift in Sources */,
				4A136B112CAB50FF00A85DA2 /* FeedPresenter.swift in Sources */,
				4A66B70E2CC6F0CB008B70AC /* ErrorView.swift in Sources */,
				4AAD94C02CA4B64C0072C311 /* FeedImageDataLoader.swift in Sources */,
				4A136B1F2CADF7F100A85DA2 /* UITableView+Dequeueing.swift in Sources */,
				4A136B1D2CADF2BE00A85DA2 /* FeedLoadingViewModel.swift in Sources */,
				4AAD94CC2CAB449C0072C311 /* FeedImageViewModel.swift in Sources */,
				4ADBA0E42CB5606F008C838C /* FeedLoaderPresentationAdapter.swift in Sources */,
				4A68677F2C9E227A00382A2F /* UIView+Shimmering.swift in Sources */,
				4ADBA0E02CB55FCE008C838C /* WeakRefVirtualProxy.swift in Sources */,
				4A136B212CADFB0000A85DA2 /* UIImageView+Animations.swift in Sources */,
				4ADBA0DE2CB55F30008C838C /* MainQueueDispatchDecorator.swift in Sources */,
				4A68677D2C9E0AB300382A2F /* FeedImageViewCell.swift in Sources */,
				4A68677B2C9DEE1600382A2F /* FeedViewController.swift in Sources */,
				4ADBA0E22CB5603D008C838C /* FeedImageDataLoaderPresentationAdapter.swift in Sources */,
				4AAD94C42CA5A42B0072C311 /* FeedImageCellController.swift in Sources */,
				4A136B192CADEC2700A85DA2 /* FeedImagePresenter.swift in Sources */,
				4ADBA0E62CB560C0008C838C /* FeedViewAdapter.swift in Sources */,
				4AAD94C72CA7369D0072C311 /* FeedUIComposer.swift in Sources */,
			);
			runOnlyForDeploymentPostprocessing = 0;
		};
		4AA504F92C92342B00C80CFF /* Sources */ = {
			isa = PBXSourcesBuildPhase;
			buildActionMask = 2147483647;
			files = (
				4A66B70A2CC6EB26008B70AC /* FeedUIIntegrationTests+LoaderSpy.swift in Sources */,
				4A3D83E32C9897C300D4C9ED /* FeedUIIntegrationTests.swift in Sources */,
				4A66B7022CC6E9EA008B70AC /* UIRefreshControler+TestHelpers.swift in Sources */,
				4A66B7042CC6EA57008B70AC /* UIImage+TestHelpers.swift in Sources */,
				4A3D83EA2C989BF000D4C9ED /* XCTestCase+MemoryLeakTracking.swift in Sources */,
				4A136B2A2CB48C1800A85DA2 /* FeedLocalizationTests.swift in Sources */,
				4A66B7062CC6EA8E008B70AC /* FeedImageViewCell+TestHelpers.swift in Sources */,
				4A66B7002CC6E932008B70AC /* FeedViewController+TestHelpers.swift in Sources */,
				4A66B7082CC6EACA008B70AC /* UIButton+TestHelpers.swift in Sources */,
				4A136B252CB4893100A85DA2 /* FeedViewControllerTests+Localization.swift in Sources */,
				4A66B70C2CC6EB79008B70AC /* FeedUIIntegrationTests+Assertions.swift in Sources */,
			);
			runOnlyForDeploymentPostprocessing = 0;
		};
		4AC15C302BF7513600DB5049 /* Sources */ = {
			isa = PBXSourcesBuildPhase;
			buildActionMask = 2147483647;
			files = (
				4AC15C372BF7513600DB5049 /* EssentialFeedAPIEndToEndTests.swift in Sources */,
				4A042E792BF7573200245B7D /* XCTestCase+MemoryLeakTracking.swift in Sources */,
			);
			runOnlyForDeploymentPostprocessing = 0;
		};
		4AE832152BE50D28006E1A37 /* Sources */ = {
			isa = PBXSourcesBuildPhase;
			buildActionMask = 2147483647;
			files = (
				4A44C0562C3F29940057EEBF /* LocalFeedImage.swift in Sources */,
				4A2CF4A92C6EA9E9005E3C87 /* FeedStore.xcdatamodeld in Sources */,
				4A44C0522C3F1FEB0057EEBF /* FeedStore.swift in Sources */,
				4AC15C2E2BF6B77900DB5049 /* URLSessionHTTPClient.swift in Sources */,
				4AA3B6082BEC196F00B68FEB /* RemoteFeedLoader.swift in Sources */,
				4A14BC682BF3FD4500306C29 /* HTTPClient.swift in Sources */,
				4AC495052C7E843E00DCDD05 /* CoreDataHelpers.swift in Sources */,
				4AE832362BE50E08006E1A37 /* FeedLoader.swift in Sources */,
				4A2CF4A62C6EA80E005E3C87 /* CoreDataFeedStore.swift in Sources */,
				4AC495072C7E84F300DCDD05 /* ManagedCache.swift in Sources */,
				4A14BC6A2BF3FDDD00306C29 /* FeedItemsMapper.swift in Sources */,
				4A44C0542C3F295B0057EEBF /* RemoteFeedItem.swift in Sources */,
				4A7141C52C427AAA00DA74E6 /* FeedCachePolicy.swift in Sources */,
				4AE832342BE50D3E006E1A37 /* FeedImage.swift in Sources */,
				4AC495092C7E850400DCDD05 /* ManagedFeedImage.swift in Sources */,
				4A44C0502C3F1F7E0057EEBF /* LocalFeedLoader.swift in Sources */,
				4AE8321E2BE50D28006E1A37 /* EssentialFeed.docc in Sources */,
			);
			runOnlyForDeploymentPostprocessing = 0;
		};
		4AE8321F2BE50D28006E1A37 /* Sources */ = {
			isa = PBXSourcesBuildPhase;
			buildActionMask = 2147483647;
			files = (
				4A44C05F2C402D160057EEBF /* FeedCacheTestHelpers.swift in Sources */,
				4A44C05D2C4029400057EEBF /* ValidateFeedCacheUseCaseTests.swift in Sources */,
				4AA018B32C6BFDFC00362BF5 /* XCTestCase+FeedStoreSpecs.swift in Sources */,
				4A2CF49F2C6EA19E005E3C87 /* XCTestCase+FailableInsertFeedStoreSpecs.swift in Sources */,
				4AE832382BE51175006E1A37 /* RemoteFeedLoaderTests.swift in Sources */,
				4A7F463E2BF5485C00A47294 /* URLSessionHTTPClientTests.swift in Sources */,
				4A44C05B2C4009BF0057EEBF /* FeedStoreSpy.swift in Sources */,
				4A44C0612C402E020057EEBF /* SharedTestHelpers.swift in Sources */,
				4A2CF4A12C6EA36C005E3C87 /* XCTestCase+FailableDeleteFeedStoreSpecs.swift in Sources */,
				4AA018B52C6C07E400362BF5 /* XCTestCase+FailableRetrieveFeedStoreSpecs.swift in Sources */,
				4A44C04D2C2C895A0057EEBF /* CacheFeedUseCaseTests.swift in Sources */,
				4A44C0582C4008940057EEBF /* LoadFeedFromCacheUseCaseTests.swift in Sources */,
				4AA018B12C6BFD4300362BF5 /* FeedStoreSpecs.swift in Sources */,
				4A2CF4A42C6EA735005E3C87 /* CoreDataFeedStoreTests.swift in Sources */,
				4AC15C2C2BF6A72D00DB5049 /* XCTestCase+MemoryLeakTracking.swift in Sources */,
			);
			runOnlyForDeploymentPostprocessing = 0;
		};
/* End PBXSourcesBuildPhase section */

/* Begin PBXTargetDependency section */
		4A3D83E82C989AC300D4C9ED /* PBXTargetDependency */ = {
			isa = PBXTargetDependency;
			platformFilter = ios;
			target = 4AE832182BE50D28006E1A37 /* EssentialFeed */;
			targetProxy = 4A3D83E72C989AC300D4C9ED /* PBXContainerItemProxy */;
		};
		4A79AB862C7FA77A0034E024 /* PBXTargetDependency */ = {
			isa = PBXTargetDependency;
			target = 4AE832182BE50D28006E1A37 /* EssentialFeed */;
			targetProxy = 4A79AB852C7FA77A0034E024 /* PBXContainerItemProxy */;
		};
		4AA505002C92342B00C80CFF /* PBXTargetDependency */ = {
			isa = PBXTargetDependency;
			target = 4AA504F52C92342B00C80CFF /* EssentialFeediOS */;
			targetProxy = 4AA504FF2C92342B00C80CFF /* PBXContainerItemProxy */;
		};
		4AC15C3A2BF7513600DB5049 /* PBXTargetDependency */ = {
			isa = PBXTargetDependency;
			target = 4AE832182BE50D28006E1A37 /* EssentialFeed */;
			targetProxy = 4AC15C392BF7513600DB5049 /* PBXContainerItemProxy */;
		};
		4AE832262BE50D28006E1A37 /* PBXTargetDependency */ = {
			isa = PBXTargetDependency;
			target = 4AE832182BE50D28006E1A37 /* EssentialFeed */;
			targetProxy = 4AE832252BE50D28006E1A37 /* PBXContainerItemProxy */;
		};
/* End PBXTargetDependency section */

/* Begin XCBuildConfiguration section */
		4A79AB872C7FA77A0034E024 /* Debug */ = {
			isa = XCBuildConfiguration;
			buildSettings = {
				CODE_SIGN_STYLE = Automatic;
				CURRENT_PROJECT_VERSION = 1;
				GENERATE_INFOPLIST_FILE = YES;
				MACOSX_DEPLOYMENT_TARGET = 14.5;
				MARKETING_VERSION = 1.0;
				PRODUCT_BUNDLE_IDENTIFIER = com.NicholasFerretti.EssentialFeedCacheIntegrationTests;
				PRODUCT_NAME = "$(TARGET_NAME)";
				SUPPORTED_PLATFORMS = "macosx iphoneos iphonesimulator";
				SWIFT_EMIT_LOC_STRINGS = NO;
				SWIFT_VERSION = 5.0;
			};
			name = Debug;
		};
		4A79AB882C7FA77A0034E024 /* Release */ = {
			isa = XCBuildConfiguration;
			buildSettings = {
				CODE_SIGN_STYLE = Automatic;
				CURRENT_PROJECT_VERSION = 1;
				GENERATE_INFOPLIST_FILE = YES;
				MACOSX_DEPLOYMENT_TARGET = 14.5;
				MARKETING_VERSION = 1.0;
				PRODUCT_BUNDLE_IDENTIFIER = com.NicholasFerretti.EssentialFeedCacheIntegrationTests;
				PRODUCT_NAME = "$(TARGET_NAME)";
				SUPPORTED_PLATFORMS = "macosx iphoneos iphonesimulator";
				SWIFT_EMIT_LOC_STRINGS = NO;
				SWIFT_VERSION = 5.0;
			};
			name = Release;
		};
		4AA505062C92342B00C80CFF /* Debug */ = {
			isa = XCBuildConfiguration;
			buildSettings = {
				BUILD_LIBRARY_FOR_DISTRIBUTION = YES;
				CLANG_ENABLE_MODULES = YES;
				CODE_SIGN_STYLE = Automatic;
				CURRENT_PROJECT_VERSION = 1;
				DEFINES_MODULE = YES;
				DYLIB_COMPATIBILITY_VERSION = 1;
				DYLIB_CURRENT_VERSION = 1;
				DYLIB_INSTALL_NAME_BASE = "@rpath";
				ENABLE_MODULE_VERIFIER = YES;
				GENERATE_INFOPLIST_FILE = YES;
				INFOPLIST_KEY_NSHumanReadableCopyright = "";
				INSTALL_PATH = "$(LOCAL_LIBRARY_DIR)/Frameworks";
				IPHONEOS_DEPLOYMENT_TARGET = 17.5;
				LD_RUNPATH_SEARCH_PATHS = (
					"$(inherited)",
					"@executable_path/Frameworks",
					"@loader_path/Frameworks",
				);
				MARKETING_VERSION = 1.0;
				MODULE_VERIFIER_SUPPORTED_LANGUAGES = "objective-c objective-c++";
				MODULE_VERIFIER_SUPPORTED_LANGUAGE_STANDARDS = "gnu17 gnu++20";
				PRODUCT_BUNDLE_IDENTIFIER = com.NicholasFerretti.EssentialFeediOS;
				PRODUCT_NAME = "$(TARGET_NAME:c99extidentifier)";
				SDKROOT = iphoneos;
				SKIP_INSTALL = YES;
				SWIFT_EMIT_LOC_STRINGS = YES;
				SWIFT_INSTALL_OBJC_HEADER = NO;
				SWIFT_OPTIMIZATION_LEVEL = "-Onone";
				SWIFT_VERSION = 5.0;
				TARGETED_DEVICE_FAMILY = "1,2";
			};
			name = Debug;
		};
		4AA505072C92342B00C80CFF /* Release */ = {
			isa = XCBuildConfiguration;
			buildSettings = {
				BUILD_LIBRARY_FOR_DISTRIBUTION = YES;
				CLANG_ENABLE_MODULES = YES;
				CODE_SIGN_STYLE = Automatic;
				CURRENT_PROJECT_VERSION = 1;
				DEFINES_MODULE = YES;
				DYLIB_COMPATIBILITY_VERSION = 1;
				DYLIB_CURRENT_VERSION = 1;
				DYLIB_INSTALL_NAME_BASE = "@rpath";
				ENABLE_MODULE_VERIFIER = YES;
				GENERATE_INFOPLIST_FILE = YES;
				INFOPLIST_KEY_NSHumanReadableCopyright = "";
				INSTALL_PATH = "$(LOCAL_LIBRARY_DIR)/Frameworks";
				IPHONEOS_DEPLOYMENT_TARGET = 17.5;
				LD_RUNPATH_SEARCH_PATHS = (
					"$(inherited)",
					"@executable_path/Frameworks",
					"@loader_path/Frameworks",
				);
				MARKETING_VERSION = 1.0;
				MODULE_VERIFIER_SUPPORTED_LANGUAGES = "objective-c objective-c++";
				MODULE_VERIFIER_SUPPORTED_LANGUAGE_STANDARDS = "gnu17 gnu++20";
				PRODUCT_BUNDLE_IDENTIFIER = com.NicholasFerretti.EssentialFeediOS;
				PRODUCT_NAME = "$(TARGET_NAME:c99extidentifier)";
				SDKROOT = iphoneos;
				SKIP_INSTALL = YES;
				SWIFT_EMIT_LOC_STRINGS = YES;
				SWIFT_INSTALL_OBJC_HEADER = NO;
				SWIFT_VERSION = 5.0;
				TARGETED_DEVICE_FAMILY = "1,2";
				VALIDATE_PRODUCT = YES;
			};
			name = Release;
		};
		4AA505092C92342B00C80CFF /* Debug */ = {
			isa = XCBuildConfiguration;
			buildSettings = {
				ALWAYS_EMBED_SWIFT_STANDARD_LIBRARIES = YES;
				CLANG_ENABLE_MODULES = YES;
				CODE_SIGN_STYLE = Automatic;
				CURRENT_PROJECT_VERSION = 1;
				DEVELOPMENT_TEAM = 9LWGT47C32;
				GENERATE_INFOPLIST_FILE = YES;
				IPHONEOS_DEPLOYMENT_TARGET = 17.5;
				MARKETING_VERSION = 1.0;
				PRODUCT_BUNDLE_IDENTIFIER = com.NicholasFerretti.EssentialFeediOSTests;
				PRODUCT_NAME = "$(TARGET_NAME)";
				SDKROOT = iphoneos;
				SWIFT_EMIT_LOC_STRINGS = NO;
				SWIFT_OPTIMIZATION_LEVEL = "-Onone";
				SWIFT_VERSION = 5.0;
				TARGETED_DEVICE_FAMILY = "1,2";
			};
			name = Debug;
		};
		4AA5050A2C92342B00C80CFF /* Release */ = {
			isa = XCBuildConfiguration;
			buildSettings = {
				ALWAYS_EMBED_SWIFT_STANDARD_LIBRARIES = YES;
				CLANG_ENABLE_MODULES = YES;
				CODE_SIGN_STYLE = Automatic;
				CURRENT_PROJECT_VERSION = 1;
				DEVELOPMENT_TEAM = 9LWGT47C32;
				GENERATE_INFOPLIST_FILE = YES;
				IPHONEOS_DEPLOYMENT_TARGET = 17.5;
				MARKETING_VERSION = 1.0;
				PRODUCT_BUNDLE_IDENTIFIER = com.NicholasFerretti.EssentialFeediOSTests;
				PRODUCT_NAME = "$(TARGET_NAME)";
				SDKROOT = iphoneos;
				SWIFT_EMIT_LOC_STRINGS = NO;
				SWIFT_VERSION = 5.0;
				TARGETED_DEVICE_FAMILY = "1,2";
				VALIDATE_PRODUCT = YES;
			};
			name = Release;
		};
		4AC15C3C2BF7513600DB5049 /* Debug */ = {
			isa = XCBuildConfiguration;
			buildSettings = {
				CODE_SIGN_STYLE = Automatic;
				CURRENT_PROJECT_VERSION = 1;
				DEAD_CODE_STRIPPING = YES;
				GENERATE_INFOPLIST_FILE = YES;
				MARKETING_VERSION = 1.0;
				PRODUCT_BUNDLE_IDENTIFIER = com.NicholasFerretti.EssentialFeedAPIEndToEndTests;
				PRODUCT_NAME = "$(TARGET_NAME)";
				SUPPORTED_PLATFORMS = "macosx iphoneos iphonesimulator";
				SWIFT_EMIT_LOC_STRINGS = NO;
				SWIFT_VERSION = 5.0;
			};
			name = Debug;
		};
		4AC15C3D2BF7513600DB5049 /* Release */ = {
			isa = XCBuildConfiguration;
			buildSettings = {
				CODE_SIGN_STYLE = Automatic;
				CURRENT_PROJECT_VERSION = 1;
				DEAD_CODE_STRIPPING = YES;
				GENERATE_INFOPLIST_FILE = YES;
				MARKETING_VERSION = 1.0;
				PRODUCT_BUNDLE_IDENTIFIER = com.NicholasFerretti.EssentialFeedAPIEndToEndTests;
				PRODUCT_NAME = "$(TARGET_NAME)";
				SUPPORTED_PLATFORMS = "macosx iphoneos iphonesimulator";
				SWIFT_EMIT_LOC_STRINGS = NO;
				SWIFT_VERSION = 5.0;
			};
			name = Release;
		};
		4AE8322B2BE50D28006E1A37 /* Debug */ = {
			isa = XCBuildConfiguration;
			buildSettings = {
				ALWAYS_SEARCH_USER_PATHS = NO;
				ASSETCATALOG_COMPILER_GENERATE_SWIFT_ASSET_SYMBOL_EXTENSIONS = YES;
				CLANG_ANALYZER_NONNULL = YES;
				CLANG_ANALYZER_NUMBER_OBJECT_CONVERSION = YES_AGGRESSIVE;
				CLANG_CXX_LANGUAGE_STANDARD = "gnu++20";
				CLANG_ENABLE_MODULES = YES;
				CLANG_ENABLE_OBJC_ARC = YES;
				CLANG_ENABLE_OBJC_WEAK = YES;
				CLANG_WARN_BLOCK_CAPTURE_AUTORELEASING = YES;
				CLANG_WARN_BOOL_CONVERSION = YES;
				CLANG_WARN_COMMA = YES;
				CLANG_WARN_CONSTANT_CONVERSION = YES;
				CLANG_WARN_DEPRECATED_OBJC_IMPLEMENTATIONS = YES;
				CLANG_WARN_DIRECT_OBJC_ISA_USAGE = YES_ERROR;
				CLANG_WARN_DOCUMENTATION_COMMENTS = YES;
				CLANG_WARN_EMPTY_BODY = YES;
				CLANG_WARN_ENUM_CONVERSION = YES;
				CLANG_WARN_INFINITE_RECURSION = YES;
				CLANG_WARN_INT_CONVERSION = YES;
				CLANG_WARN_NON_LITERAL_NULL_CONVERSION = YES;
				CLANG_WARN_OBJC_IMPLICIT_RETAIN_SELF = YES;
				CLANG_WARN_OBJC_LITERAL_CONVERSION = YES;
				CLANG_WARN_OBJC_ROOT_CLASS = YES_ERROR;
				CLANG_WARN_QUOTED_INCLUDE_IN_FRAMEWORK_HEADER = YES;
				CLANG_WARN_RANGE_LOOP_ANALYSIS = YES;
				CLANG_WARN_STRICT_PROTOTYPES = YES;
				CLANG_WARN_SUSPICIOUS_MOVE = YES;
				CLANG_WARN_UNGUARDED_AVAILABILITY = YES_AGGRESSIVE;
				CLANG_WARN_UNREACHABLE_CODE = YES;
				CLANG_WARN__DUPLICATE_METHOD_MATCH = YES;
				COPY_PHASE_STRIP = NO;
				CURRENT_PROJECT_VERSION = 1;
				DEAD_CODE_STRIPPING = YES;
				DEBUG_INFORMATION_FORMAT = dwarf;
				ENABLE_STRICT_OBJC_MSGSEND = YES;
				ENABLE_TESTABILITY = YES;
				ENABLE_USER_SCRIPT_SANDBOXING = YES;
				GCC_C_LANGUAGE_STANDARD = gnu17;
				GCC_DYNAMIC_NO_PIC = NO;
				GCC_NO_COMMON_BLOCKS = YES;
				GCC_OPTIMIZATION_LEVEL = 0;
				GCC_PREPROCESSOR_DEFINITIONS = (
					"DEBUG=1",
					"$(inherited)",
				);
				GCC_WARN_64_TO_32_BIT_CONVERSION = YES;
				GCC_WARN_ABOUT_RETURN_TYPE = YES_ERROR;
				GCC_WARN_UNDECLARED_SELECTOR = YES;
				GCC_WARN_UNINITIALIZED_AUTOS = YES_AGGRESSIVE;
				GCC_WARN_UNUSED_FUNCTION = YES;
				GCC_WARN_UNUSED_VARIABLE = YES;
				LOCALIZATION_PREFERS_STRING_CATALOGS = YES;
				MACOSX_DEPLOYMENT_TARGET = 14.4;
				MTL_ENABLE_DEBUG_INFO = INCLUDE_SOURCE;
				MTL_FAST_MATH = YES;
				ONLY_ACTIVE_ARCH = YES;
				SDKROOT = macosx;
				SWIFT_ACTIVE_COMPILATION_CONDITIONS = "DEBUG $(inherited)";
				SWIFT_EMIT_LOC_STRINGS = YES;
				SWIFT_OPTIMIZATION_LEVEL = "-Onone";
				SWIFT_VERSION = 5.0;
				VERSIONING_SYSTEM = "apple-generic";
				VERSION_INFO_PREFIX = "";
			};
			name = Debug;
		};
		4AE8322C2BE50D28006E1A37 /* Release */ = {
			isa = XCBuildConfiguration;
			buildSettings = {
				ALWAYS_SEARCH_USER_PATHS = NO;
				ASSETCATALOG_COMPILER_GENERATE_SWIFT_ASSET_SYMBOL_EXTENSIONS = YES;
				CLANG_ANALYZER_NONNULL = YES;
				CLANG_ANALYZER_NUMBER_OBJECT_CONVERSION = YES_AGGRESSIVE;
				CLANG_CXX_LANGUAGE_STANDARD = "gnu++20";
				CLANG_ENABLE_MODULES = YES;
				CLANG_ENABLE_OBJC_ARC = YES;
				CLANG_ENABLE_OBJC_WEAK = YES;
				CLANG_WARN_BLOCK_CAPTURE_AUTORELEASING = YES;
				CLANG_WARN_BOOL_CONVERSION = YES;
				CLANG_WARN_COMMA = YES;
				CLANG_WARN_CONSTANT_CONVERSION = YES;
				CLANG_WARN_DEPRECATED_OBJC_IMPLEMENTATIONS = YES;
				CLANG_WARN_DIRECT_OBJC_ISA_USAGE = YES_ERROR;
				CLANG_WARN_DOCUMENTATION_COMMENTS = YES;
				CLANG_WARN_EMPTY_BODY = YES;
				CLANG_WARN_ENUM_CONVERSION = YES;
				CLANG_WARN_INFINITE_RECURSION = YES;
				CLANG_WARN_INT_CONVERSION = YES;
				CLANG_WARN_NON_LITERAL_NULL_CONVERSION = YES;
				CLANG_WARN_OBJC_IMPLICIT_RETAIN_SELF = YES;
				CLANG_WARN_OBJC_LITERAL_CONVERSION = YES;
				CLANG_WARN_OBJC_ROOT_CLASS = YES_ERROR;
				CLANG_WARN_QUOTED_INCLUDE_IN_FRAMEWORK_HEADER = YES;
				CLANG_WARN_RANGE_LOOP_ANALYSIS = YES;
				CLANG_WARN_STRICT_PROTOTYPES = YES;
				CLANG_WARN_SUSPICIOUS_MOVE = YES;
				CLANG_WARN_UNGUARDED_AVAILABILITY = YES_AGGRESSIVE;
				CLANG_WARN_UNREACHABLE_CODE = YES;
				CLANG_WARN__DUPLICATE_METHOD_MATCH = YES;
				COPY_PHASE_STRIP = NO;
				CURRENT_PROJECT_VERSION = 1;
				DEAD_CODE_STRIPPING = YES;
				DEBUG_INFORMATION_FORMAT = "dwarf-with-dsym";
				ENABLE_NS_ASSERTIONS = NO;
				ENABLE_STRICT_OBJC_MSGSEND = YES;
				ENABLE_USER_SCRIPT_SANDBOXING = YES;
				GCC_C_LANGUAGE_STANDARD = gnu17;
				GCC_NO_COMMON_BLOCKS = YES;
				GCC_WARN_64_TO_32_BIT_CONVERSION = YES;
				GCC_WARN_ABOUT_RETURN_TYPE = YES_ERROR;
				GCC_WARN_UNDECLARED_SELECTOR = YES;
				GCC_WARN_UNINITIALIZED_AUTOS = YES_AGGRESSIVE;
				GCC_WARN_UNUSED_FUNCTION = YES;
				GCC_WARN_UNUSED_VARIABLE = YES;
				LOCALIZATION_PREFERS_STRING_CATALOGS = YES;
				MACOSX_DEPLOYMENT_TARGET = 14.4;
				MTL_ENABLE_DEBUG_INFO = NO;
				MTL_FAST_MATH = YES;
				SDKROOT = macosx;
				SWIFT_COMPILATION_MODE = wholemodule;
				SWIFT_EMIT_LOC_STRINGS = YES;
				SWIFT_VERSION = 5.0;
				VERSIONING_SYSTEM = "apple-generic";
				VERSION_INFO_PREFIX = "";
			};
			name = Release;
		};
		4AE8322E2BE50D28006E1A37 /* Debug */ = {
			isa = XCBuildConfiguration;
			buildSettings = {
				BUILD_LIBRARY_FOR_DISTRIBUTION = YES;
				CODE_SIGN_STYLE = Automatic;
				COMBINE_HIDPI_IMAGES = YES;
				CURRENT_PROJECT_VERSION = 1;
				DEAD_CODE_STRIPPING = YES;
				DEFINES_MODULE = YES;
				DYLIB_COMPATIBILITY_VERSION = 1;
				DYLIB_CURRENT_VERSION = 1;
				DYLIB_INSTALL_NAME_BASE = "@rpath";
				ENABLE_MODULE_VERIFIER = YES;
				GENERATE_INFOPLIST_FILE = YES;
				INFOPLIST_KEY_NSHumanReadableCopyright = "";
				INSTALL_PATH = "$(LOCAL_LIBRARY_DIR)/Frameworks";
				LD_RUNPATH_SEARCH_PATHS = (
					"$(inherited)",
					"@executable_path/../Frameworks",
					"@loader_path/Frameworks",
				);
				MARKETING_VERSION = 1.0;
				MODULE_VERIFIER_SUPPORTED_LANGUAGES = "objective-c objective-c++";
				MODULE_VERIFIER_SUPPORTED_LANGUAGE_STANDARDS = "gnu17 gnu++20";
				PRODUCT_BUNDLE_IDENTIFIER = com.NicholasFerretti.EssentialFeed;
				PRODUCT_NAME = "$(TARGET_NAME:c99extidentifier)";
				SKIP_INSTALL = YES;
				SUPPORTED_PLATFORMS = "macosx iphoneos iphonesimulator";
				SWIFT_EMIT_LOC_STRINGS = YES;
				SWIFT_INSTALL_OBJC_HEADER = NO;
				SWIFT_VERSION = 5.0;
			};
			name = Debug;
		};
		4AE8322F2BE50D28006E1A37 /* Release */ = {
			isa = XCBuildConfiguration;
			buildSettings = {
				BUILD_LIBRARY_FOR_DISTRIBUTION = YES;
				CODE_SIGN_STYLE = Automatic;
				COMBINE_HIDPI_IMAGES = YES;
				CURRENT_PROJECT_VERSION = 1;
				DEAD_CODE_STRIPPING = YES;
				DEFINES_MODULE = YES;
				DYLIB_COMPATIBILITY_VERSION = 1;
				DYLIB_CURRENT_VERSION = 1;
				DYLIB_INSTALL_NAME_BASE = "@rpath";
				ENABLE_MODULE_VERIFIER = YES;
				GENERATE_INFOPLIST_FILE = YES;
				INFOPLIST_KEY_NSHumanReadableCopyright = "";
				INSTALL_PATH = "$(LOCAL_LIBRARY_DIR)/Frameworks";
				LD_RUNPATH_SEARCH_PATHS = (
					"$(inherited)",
					"@executable_path/../Frameworks",
					"@loader_path/Frameworks",
				);
				MARKETING_VERSION = 1.0;
				MODULE_VERIFIER_SUPPORTED_LANGUAGES = "objective-c objective-c++";
				MODULE_VERIFIER_SUPPORTED_LANGUAGE_STANDARDS = "gnu17 gnu++20";
				PRODUCT_BUNDLE_IDENTIFIER = com.NicholasFerretti.EssentialFeed;
				PRODUCT_NAME = "$(TARGET_NAME:c99extidentifier)";
				SKIP_INSTALL = YES;
				SUPPORTED_PLATFORMS = "macosx iphoneos iphonesimulator";
				SWIFT_EMIT_LOC_STRINGS = YES;
				SWIFT_INSTALL_OBJC_HEADER = NO;
				SWIFT_VERSION = 5.0;
			};
			name = Release;
		};
		4AE832312BE50D28006E1A37 /* Debug */ = {
			isa = XCBuildConfiguration;
			buildSettings = {
				ALWAYS_EMBED_SWIFT_STANDARD_LIBRARIES = YES;
				CODE_SIGN_STYLE = Automatic;
				CURRENT_PROJECT_VERSION = 1;
				DEAD_CODE_STRIPPING = YES;
				GENERATE_INFOPLIST_FILE = YES;
				MARKETING_VERSION = 1.0;
				PRODUCT_BUNDLE_IDENTIFIER = com.NicholasFerretti.EssentialFeedTests;
				PRODUCT_NAME = "$(TARGET_NAME)";
				SUPPORTED_PLATFORMS = "macosx iphoneos iphonesimulator";
				SWIFT_EMIT_LOC_STRINGS = NO;
				SWIFT_VERSION = 5.0;
			};
			name = Debug;
		};
		4AE832322BE50D28006E1A37 /* Release */ = {
			isa = XCBuildConfiguration;
			buildSettings = {
				ALWAYS_EMBED_SWIFT_STANDARD_LIBRARIES = YES;
				CODE_SIGN_STYLE = Automatic;
				CURRENT_PROJECT_VERSION = 1;
				DEAD_CODE_STRIPPING = YES;
				GENERATE_INFOPLIST_FILE = YES;
				MARKETING_VERSION = 1.0;
				PRODUCT_BUNDLE_IDENTIFIER = com.NicholasFerretti.EssentialFeedTests;
				PRODUCT_NAME = "$(TARGET_NAME)";
				SUPPORTED_PLATFORMS = "macosx iphoneos iphonesimulator";
				SWIFT_EMIT_LOC_STRINGS = NO;
				SWIFT_VERSION = 5.0;
			};
			name = Release;
		};
/* End XCBuildConfiguration section */

/* Begin XCConfigurationList section */
		4A79AB892C7FA77A0034E024 /* Build configuration list for PBXNativeTarget "EssentialFeedCacheIntegrationTests" */ = {
			isa = XCConfigurationList;
			buildConfigurations = (
				4A79AB872C7FA77A0034E024 /* Debug */,
				4A79AB882C7FA77A0034E024 /* Release */,
			);
			defaultConfigurationIsVisible = 0;
			defaultConfigurationName = Release;
		};
		4AA505052C92342B00C80CFF /* Build configuration list for PBXNativeTarget "EssentialFeediOS" */ = {
			isa = XCConfigurationList;
			buildConfigurations = (
				4AA505062C92342B00C80CFF /* Debug */,
				4AA505072C92342B00C80CFF /* Release */,
			);
			defaultConfigurationIsVisible = 0;
			defaultConfigurationName = Release;
		};
		4AA505082C92342B00C80CFF /* Build configuration list for PBXNativeTarget "EssentialFeediOSTests" */ = {
			isa = XCConfigurationList;
			buildConfigurations = (
				4AA505092C92342B00C80CFF /* Debug */,
				4AA5050A2C92342B00C80CFF /* Release */,
			);
			defaultConfigurationIsVisible = 0;
			defaultConfigurationName = Release;
		};
		4AC15C3B2BF7513600DB5049 /* Build configuration list for PBXNativeTarget "EssentialFeedAPIEndToEndTests" */ = {
			isa = XCConfigurationList;
			buildConfigurations = (
				4AC15C3C2BF7513600DB5049 /* Debug */,
				4AC15C3D2BF7513600DB5049 /* Release */,
			);
			defaultConfigurationIsVisible = 0;
			defaultConfigurationName = Release;
		};
		4AE832132BE50D28006E1A37 /* Build configuration list for PBXProject "EssentialFeed" */ = {
			isa = XCConfigurationList;
			buildConfigurations = (
				4AE8322B2BE50D28006E1A37 /* Debug */,
				4AE8322C2BE50D28006E1A37 /* Release */,
			);
			defaultConfigurationIsVisible = 0;
			defaultConfigurationName = Release;
		};
		4AE8322D2BE50D28006E1A37 /* Build configuration list for PBXNativeTarget "EssentialFeed" */ = {
			isa = XCConfigurationList;
			buildConfigurations = (
				4AE8322E2BE50D28006E1A37 /* Debug */,
				4AE8322F2BE50D28006E1A37 /* Release */,
			);
			defaultConfigurationIsVisible = 0;
			defaultConfigurationName = Release;
		};
		4AE832302BE50D28006E1A37 /* Build configuration list for PBXNativeTarget "EssentialFeedTests" */ = {
			isa = XCConfigurationList;
			buildConfigurations = (
				4AE832312BE50D28006E1A37 /* Debug */,
				4AE832322BE50D28006E1A37 /* Release */,
			);
			defaultConfigurationIsVisible = 0;
			defaultConfigurationName = Release;
		};
/* End XCConfigurationList section */

/* Begin XCVersionGroup section */
		4A2CF4A72C6EA9E9005E3C87 /* FeedStore.xcdatamodeld */ = {
			isa = XCVersionGroup;
			children = (
				4A2CF4A82C6EA9E9005E3C87 /* FeedStore.xcdatamodel */,
			);
			currentVersion = 4A2CF4A82C6EA9E9005E3C87 /* FeedStore.xcdatamodel */;
			path = FeedStore.xcdatamodeld;
			sourceTree = "<group>";
			versionGroupType = wrapper.xcdatamodel;
		};
/* End XCVersionGroup section */
	};
	rootObject = 4AE832102BE50D28006E1A37 /* Project object */;
}
